
Microsoft Visual Studio Solution File, Format Version 12.00
# Visual Studio Version 16
VisualStudioVersion = 16.0.28803.156
MinimumVisualStudioVersion = 10.0.40219.1
Project("{930C7802-8A8C-48F9-8165-68863BCCD9DD}") = "Diascan.Agent.Installer", "Installer\Diascan.Agent.Installer.wixproj", "{10E6DAED-588D-4E3C-9292-DAD58B14689A}"
EndProject
Project("{2150E333-8FDC-42A3-9474-1A3956D46DE8}") = "Test", "Test", "{057B873F-ECFE-4A28-BA7B-2EBEE2B42CDF}"
EndProject
Project("{FAE04EC0-301F-11D3-BF4B-00C04F79EFBC}") = "BenchmarkHashes", "Test\BenchmarkHashes\BenchmarkHashes.csproj", "{BD527A9B-EB42-4D76-AC3D-A53F1B2260E1}"
EndProject
Project("{FAE04EC0-301F-11D3-BF4B-00C04F79EFBC}") = "Diascan.Agent.ComputeHashes", "Diascan.Agent.ComputeHashes\Diascan.Agent.ComputeHashes.csproj", "{2A8B1CB0-0F65-457D-9943-71BAD419B89D}"
EndProject
Project("{FAE04EC0-301F-11D3-BF4B-00C04F79EFBC}") = "DiagnosticInformationAnalyzer", "Test\DiagnosticInformationAnalyzer\DiagnosticInformationAnalyzer.csproj", "{207199DB-0174-4CAB-B539-C72ED77A4EFB}"
EndProject
Project("{FAE04EC0-301F-11D3-BF4B-00C04F79EFBC}") = "Diascan.Agent.Manager", "Diascan.Agent.Server\Diascan.Agent.Manager.csproj", "{A7FA9D98-D661-4AA8-8651-8FCE8CDD5A61}"
EndProject
Project("{FAE04EC0-301F-11D3-BF4B-00C04F79EFBC}") = "Diascan.Agent.ModelDB", "Diascan.Agent.ModelDB\Diascan.Agent.ModelDB.csproj", "{F7FBECAF-B931-4FE9-AA8D-D322BB583E70}"
EndProject
Project("{FAE04EC0-301F-11D3-BF4B-00C04F79EFBC}") = "Diascan.Agent.CalcDiagDataLossTask", "Diascan.Agent.CalcDiagDataLossTask\Diascan.Agent.CalcDiagDataLossTask.csproj", "{003138EB-6830-4854-AA95-2777903385AA}"
EndProject
Project("{FAE04EC0-301F-11D3-BF4B-00C04F79EFBC}") = "Diascan.Agent.DiagDataLoader.cs", "Diascan.Agent.DiagDataLoader.cs\Diascan.Agent.DiagDataLoader.cs.csproj", "{86C00B36-670D-4C30-A993-5AD06E172F13}"
EndProject
Project("{FAE04EC0-301F-11D3-BF4B-00C04F79EFBC}") = "Diascan.Agent.ClientApp", "Diascan.Agent.ClientApp\Diascan.Agent.ClientApp.csproj", "{825886C9-1AB7-428D-9AFC-0AEEFB98882E}"
EndProject
Project("{FAE04EC0-301F-11D3-BF4B-00C04F79EFBC}") = "Diascan.Agent.DataAccess", "Diascan.Agent.DataAccess\Diascan.Agent.DataAccess.csproj", "{C866AA36-4008-4A2C-99C2-2FE2897E5C6C}"
EndProject
Project("{FAE04EC0-301F-11D3-BF4B-00C04F79EFBC}") = "TestInsertJsonDBAgent", "Test\InsertJsonDBAgent\TestInsertJsonDBAgent.csproj", "{11AF4B11-705A-4CC0-844A-B94E71BA7CB5}"
EndProject
Project("{FAE04EC0-301F-11D3-BF4B-00C04F79EFBC}") = "DiCore.Lib.NDT.DiagnosticData", "..\..\..\..\DiCore.Libs\Dev\DiCore.Lib.NDT.DiagnosticData\DiCore.Lib.NDT.DiagnosticData.csproj", "{24EA0C0C-EC0F-4179-A25E-6D495E02CE8D}"
EndProject
Project("{FAE04EC0-301F-11D3-BF4B-00C04F79EFBC}") = "DiCore.Lib.NDT.Types", "..\..\..\..\DiCore.Libs\Dev\DiCore.Lib.NDT.Types\DiCore.Lib.NDT.Types.csproj", "{6E4319B6-3BB9-42C9-B776-8ECCC27DF3F0}"
EndProject
Project("{FAE04EC0-301F-11D3-BF4B-00C04F79EFBC}") = "DiCore.Lib.NDT.CoordinateProvider", "..\..\..\..\DiCore.Libs\Dev\DiCore.Lib.NDT.CoordinateProvider\DiCore.Lib.NDT.CoordinateProvider.csproj", "{3662B27F-D3F7-4D8D-99C6-3412130112E2}"
EndProject
Project("{FAE04EC0-301F-11D3-BF4B-00C04F79EFBC}") = "DiCore.Lib.NDT.Carrier", "..\..\..\..\DiCore.Libs\Dev\DiCore.Lib.NDT.Carrier\DiCore.Lib.NDT.Carrier.csproj", "{566C5D6D-D52A-4CAF-B7A8-A8912D31A0A3}"
EndProject
Project("{FAE04EC0-301F-11D3-BF4B-00C04F79EFBC}") = "DiCore.Lib.NDT.DataProviders", "..\..\..\..\DiCore.Libs\Dev\DiCore.Lib.NDT.DataProviders\DiCore.Lib.NDT.DataProviders.csproj", "{DC26C1E7-4F52-4190-AACC-1FBB2F0559FB}"
EndProject
Project("{2150E333-8FDC-42A3-9474-1A3956D46DE8}") = "ExtProjects", "ExtProjects", "{1A06D71E-408A-4952-8931-510D259DBA6E}"
EndProject
Project("{FAE04EC0-301F-11D3-BF4B-00C04F79EFBC}") = "Diascan.Agent.DirectoryDataModel", "Diascan.Agent.DirectoryDataModel\Diascan.Agent.DirectoryDataModel.csproj", "{F023DB6C-2BD4-4927-8979-09DF0EC3670B}"
EndProject
Project("{FAE04EC0-301F-11D3-BF4B-00C04F79EFBC}") = "Diascan.Agent.Logger", "Diascan.Agent.Logger\Diascan.Agent.Logger.csproj", "{F915E512-4B20-401D-848B-C1ECCFC72A53}"
EndProject
Project("{FAE04EC0-301F-11D3-BF4B-00C04F79EFBC}") = "Diascan.Agent.Server.WebApi", "Diascan.Agent.Server.WebApi\Diascan.Agent.Server.WebApi.csproj", "{2771B579-245B-485E-BD84-8F27C9CFCBA5}"
EndProject
Project("{FAE04EC0-301F-11D3-BF4B-00C04F79EFBC}") = "Diascan.Agent.WebProject", "Diascan.Agent.WebProject\Diascan.Agent.WebProject.csproj", "{A45CAFE0-D2D3-471D-AC30-BB5A25A66C2F}"
EndProject
Project("{FAE04EC0-301F-11D3-BF4B-00C04F79EFBC}") = "ExcelToLiteDB", "ExcelToLiteDB\ExcelToLiteDB.csproj", "{5F99F60F-0CDC-4C01-AD94-977D79485FBE}"
EndProject
Project("{FAE04EC0-301F-11D3-BF4B-00C04F79EFBC}") = "Diascan.Agent.SharingEvents", "Diascan.Agent.SharingEvents\Diascan.Agent.SharingEvents.csproj", "{394F72C9-2176-4757-B714-C031735D86E4}"
EndProject
Project("{FAE04EC0-301F-11D3-BF4B-00C04F79EFBC}") = "Diascan.Agent.SOHandling", "Diascan.Agent.SOHandling\Diascan.Agent.SOHandling.csproj", "{34913DEA-CFED-4400-AD4C-0F1259DEFC35}"
EndProject
Project("{2150E333-8FDC-42A3-9474-1A3956D46DE8}") = "Solution Items", "Solution Items", "{EC1925C0-C01C-441A-B4C3-543E65CBF055}"
	ProjectSection(SolutionItems) = preProject
		.editorconfig = .editorconfig
	EndProjectSection
EndProject
Global
	GlobalSection(SolutionConfigurationPlatforms) = preSolution
		Debug|Any CPU = Debug|Any CPU
		Debug|x64 = Debug|x64
		Debug|x86 = Debug|x86
		NugetPublish|Any CPU = NugetPublish|Any CPU
		NugetPublish|x64 = NugetPublish|x64
		NugetPublish|x86 = NugetPublish|x86
		Release|Any CPU = Release|Any CPU
		Release|x64 = Release|x64
		Release|x86 = Release|x86
	EndGlobalSection
	GlobalSection(ProjectConfigurationPlatforms) = postSolution
		{10E6DAED-588D-4E3C-9292-DAD58B14689A}.Debug|Any CPU.ActiveCfg = Debug|x64
		{10E6DAED-588D-4E3C-9292-DAD58B14689A}.Debug|x64.ActiveCfg = Debug|x64
		{10E6DAED-588D-4E3C-9292-DAD58B14689A}.Debug|x64.Build.0 = Debug|x64
		{10E6DAED-588D-4E3C-9292-DAD58B14689A}.Debug|x86.ActiveCfg = Debug|x64
		{10E6DAED-588D-4E3C-9292-DAD58B14689A}.NugetPublish|Any CPU.ActiveCfg = Release|x64
		{10E6DAED-588D-4E3C-9292-DAD58B14689A}.NugetPublish|Any CPU.Build.0 = Release|x64
		{10E6DAED-588D-4E3C-9292-DAD58B14689A}.NugetPublish|x64.ActiveCfg = Release|x64
		{10E6DAED-588D-4E3C-9292-DAD58B14689A}.NugetPublish|x64.Build.0 = Release|x64
		{10E6DAED-588D-4E3C-9292-DAD58B14689A}.NugetPublish|x86.ActiveCfg = Release|x64
		{10E6DAED-588D-4E3C-9292-DAD58B14689A}.NugetPublish|x86.Build.0 = Release|x64
		{10E6DAED-588D-4E3C-9292-DAD58B14689A}.Release|Any CPU.ActiveCfg = Release|x64
		{10E6DAED-588D-4E3C-9292-DAD58B14689A}.Release|x64.ActiveCfg = Release|x64
		{10E6DAED-588D-4E3C-9292-DAD58B14689A}.Release|x64.Build.0 = Release|x64
		{10E6DAED-588D-4E3C-9292-DAD58B14689A}.Release|x86.ActiveCfg = Release|x64
		{BD527A9B-EB42-4D76-AC3D-A53F1B2260E1}.Debug|Any CPU.ActiveCfg = Debug|Any CPU
		{BD527A9B-EB42-4D76-AC3D-A53F1B2260E1}.Debug|Any CPU.Build.0 = Debug|Any CPU
		{BD527A9B-EB42-4D76-AC3D-A53F1B2260E1}.Debug|x64.ActiveCfg = Debug|Any CPU
		{BD527A9B-EB42-4D76-AC3D-A53F1B2260E1}.Debug|x64.Build.0 = Debug|Any CPU
		{BD527A9B-EB42-4D76-AC3D-A53F1B2260E1}.Debug|x86.ActiveCfg = Debug|Any CPU
		{BD527A9B-EB42-4D76-AC3D-A53F1B2260E1}.Debug|x86.Build.0 = Debug|Any CPU
		{BD527A9B-EB42-4D76-AC3D-A53F1B2260E1}.NugetPublish|Any CPU.ActiveCfg = Release|Any CPU
		{BD527A9B-EB42-4D76-AC3D-A53F1B2260E1}.NugetPublish|Any CPU.Build.0 = Release|Any CPU
		{BD527A9B-EB42-4D76-AC3D-A53F1B2260E1}.NugetPublish|x64.ActiveCfg = Release|Any CPU
		{BD527A9B-EB42-4D76-AC3D-A53F1B2260E1}.NugetPublish|x64.Build.0 = Release|Any CPU
		{BD527A9B-EB42-4D76-AC3D-A53F1B2260E1}.NugetPublish|x86.ActiveCfg = Release|Any CPU
		{BD527A9B-EB42-4D76-AC3D-A53F1B2260E1}.NugetPublish|x86.Build.0 = Release|Any CPU
		{BD527A9B-EB42-4D76-AC3D-A53F1B2260E1}.Release|Any CPU.ActiveCfg = Release|Any CPU
		{BD527A9B-EB42-4D76-AC3D-A53F1B2260E1}.Release|Any CPU.Build.0 = Release|Any CPU
		{BD527A9B-EB42-4D76-AC3D-A53F1B2260E1}.Release|x64.ActiveCfg = Release|Any CPU
		{BD527A9B-EB42-4D76-AC3D-A53F1B2260E1}.Release|x64.Build.0 = Release|Any CPU
		{BD527A9B-EB42-4D76-AC3D-A53F1B2260E1}.Release|x86.ActiveCfg = Release|Any CPU
		{BD527A9B-EB42-4D76-AC3D-A53F1B2260E1}.Release|x86.Build.0 = Release|Any CPU
		{2A8B1CB0-0F65-457D-9943-71BAD419B89D}.Debug|Any CPU.ActiveCfg = Debug|Any CPU
		{2A8B1CB0-0F65-457D-9943-71BAD419B89D}.Debug|Any CPU.Build.0 = Debug|Any CPU
		{2A8B1CB0-0F65-457D-9943-71BAD419B89D}.Debug|x64.ActiveCfg = Debug|Any CPU
		{2A8B1CB0-0F65-457D-9943-71BAD419B89D}.Debug|x64.Build.0 = Debug|Any CPU
		{2A8B1CB0-0F65-457D-9943-71BAD419B89D}.Debug|x86.ActiveCfg = Debug|Any CPU
		{2A8B1CB0-0F65-457D-9943-71BAD419B89D}.Debug|x86.Build.0 = Debug|Any CPU
		{2A8B1CB0-0F65-457D-9943-71BAD419B89D}.NugetPublish|Any CPU.ActiveCfg = Release|Any CPU
		{2A8B1CB0-0F65-457D-9943-71BAD419B89D}.NugetPublish|Any CPU.Build.0 = Release|Any CPU
		{2A8B1CB0-0F65-457D-9943-71BAD419B89D}.NugetPublish|x64.ActiveCfg = Release|Any CPU
		{2A8B1CB0-0F65-457D-9943-71BAD419B89D}.NugetPublish|x64.Build.0 = Release|Any CPU
		{2A8B1CB0-0F65-457D-9943-71BAD419B89D}.NugetPublish|x86.ActiveCfg = Release|Any CPU
		{2A8B1CB0-0F65-457D-9943-71BAD419B89D}.NugetPublish|x86.Build.0 = Release|Any CPU
		{2A8B1CB0-0F65-457D-9943-71BAD419B89D}.Release|Any CPU.ActiveCfg = Release|Any CPU
		{2A8B1CB0-0F65-457D-9943-71BAD419B89D}.Release|Any CPU.Build.0 = Release|Any CPU
		{2A8B1CB0-0F65-457D-9943-71BAD419B89D}.Release|x64.ActiveCfg = Release|Any CPU
		{2A8B1CB0-0F65-457D-9943-71BAD419B89D}.Release|x64.Build.0 = Release|Any CPU
		{2A8B1CB0-0F65-457D-9943-71BAD419B89D}.Release|x86.ActiveCfg = Release|Any CPU
		{2A8B1CB0-0F65-457D-9943-71BAD419B89D}.Release|x86.Build.0 = Release|Any CPU
		{207199DB-0174-4CAB-B539-C72ED77A4EFB}.Debug|Any CPU.ActiveCfg = Debug|Any CPU
		{207199DB-0174-4CAB-B539-C72ED77A4EFB}.Debug|Any CPU.Build.0 = Debug|Any CPU
		{207199DB-0174-4CAB-B539-C72ED77A4EFB}.Debug|x64.ActiveCfg = Debug|Any CPU
		{207199DB-0174-4CAB-B539-C72ED77A4EFB}.Debug|x64.Build.0 = Debug|Any CPU
		{207199DB-0174-4CAB-B539-C72ED77A4EFB}.Debug|x86.ActiveCfg = Debug|Any CPU
		{207199DB-0174-4CAB-B539-C72ED77A4EFB}.Debug|x86.Build.0 = Debug|Any CPU
		{207199DB-0174-4CAB-B539-C72ED77A4EFB}.NugetPublish|Any CPU.ActiveCfg = Release|Any CPU
		{207199DB-0174-4CAB-B539-C72ED77A4EFB}.NugetPublish|Any CPU.Build.0 = Release|Any CPU
		{207199DB-0174-4CAB-B539-C72ED77A4EFB}.NugetPublish|x64.ActiveCfg = Release|Any CPU
		{207199DB-0174-4CAB-B539-C72ED77A4EFB}.NugetPublish|x64.Build.0 = Release|Any CPU
		{207199DB-0174-4CAB-B539-C72ED77A4EFB}.NugetPublish|x86.ActiveCfg = Release|Any CPU
		{207199DB-0174-4CAB-B539-C72ED77A4EFB}.NugetPublish|x86.Build.0 = Release|Any CPU
		{207199DB-0174-4CAB-B539-C72ED77A4EFB}.Release|Any CPU.ActiveCfg = Release|Any CPU
		{207199DB-0174-4CAB-B539-C72ED77A4EFB}.Release|Any CPU.Build.0 = Release|Any CPU
		{207199DB-0174-4CAB-B539-C72ED77A4EFB}.Release|x64.ActiveCfg = Release|Any CPU
		{207199DB-0174-4CAB-B539-C72ED77A4EFB}.Release|x64.Build.0 = Release|Any CPU
		{207199DB-0174-4CAB-B539-C72ED77A4EFB}.Release|x86.ActiveCfg = Release|Any CPU
		{207199DB-0174-4CAB-B539-C72ED77A4EFB}.Release|x86.Build.0 = Release|Any CPU
		{A7FA9D98-D661-4AA8-8651-8FCE8CDD5A61}.Debug|Any CPU.ActiveCfg = Debug|Any CPU
		{A7FA9D98-D661-4AA8-8651-8FCE8CDD5A61}.Debug|Any CPU.Build.0 = Debug|Any CPU
		{A7FA9D98-D661-4AA8-8651-8FCE8CDD5A61}.Debug|x64.ActiveCfg = Debug|Any CPU
		{A7FA9D98-D661-4AA8-8651-8FCE8CDD5A61}.Debug|x64.Build.0 = Debug|Any CPU
		{A7FA9D98-D661-4AA8-8651-8FCE8CDD5A61}.Debug|x86.ActiveCfg = Debug|Any CPU
		{A7FA9D98-D661-4AA8-8651-8FCE8CDD5A61}.Debug|x86.Build.0 = Debug|Any CPU
		{A7FA9D98-D661-4AA8-8651-8FCE8CDD5A61}.NugetPublish|Any CPU.ActiveCfg = Release|Any CPU
		{A7FA9D98-D661-4AA8-8651-8FCE8CDD5A61}.NugetPublish|Any CPU.Build.0 = Release|Any CPU
		{A7FA9D98-D661-4AA8-8651-8FCE8CDD5A61}.NugetPublish|x64.ActiveCfg = Release|Any CPU
		{A7FA9D98-D661-4AA8-8651-8FCE8CDD5A61}.NugetPublish|x64.Build.0 = Release|Any CPU
		{A7FA9D98-D661-4AA8-8651-8FCE8CDD5A61}.NugetPublish|x86.ActiveCfg = Release|Any CPU
		{A7FA9D98-D661-4AA8-8651-8FCE8CDD5A61}.NugetPublish|x86.Build.0 = Release|Any CPU
		{A7FA9D98-D661-4AA8-8651-8FCE8CDD5A61}.Release|Any CPU.ActiveCfg = Release|Any CPU
		{A7FA9D98-D661-4AA8-8651-8FCE8CDD5A61}.Release|Any CPU.Build.0 = Release|Any CPU
		{A7FA9D98-D661-4AA8-8651-8FCE8CDD5A61}.Release|x64.ActiveCfg = Release|Any CPU
		{A7FA9D98-D661-4AA8-8651-8FCE8CDD5A61}.Release|x64.Build.0 = Release|Any CPU
		{A7FA9D98-D661-4AA8-8651-8FCE8CDD5A61}.Release|x86.ActiveCfg = Release|Any CPU
		{A7FA9D98-D661-4AA8-8651-8FCE8CDD5A61}.Release|x86.Build.0 = Release|Any CPU
		{F7FBECAF-B931-4FE9-AA8D-D322BB583E70}.Debug|Any CPU.ActiveCfg = Debug|Any CPU
		{F7FBECAF-B931-4FE9-AA8D-D322BB583E70}.Debug|Any CPU.Build.0 = Debug|Any CPU
		{F7FBECAF-B931-4FE9-AA8D-D322BB583E70}.Debug|x64.ActiveCfg = Debug|Any CPU
		{F7FBECAF-B931-4FE9-AA8D-D322BB583E70}.Debug|x64.Build.0 = Debug|Any CPU
		{F7FBECAF-B931-4FE9-AA8D-D322BB583E70}.Debug|x86.ActiveCfg = Debug|Any CPU
		{F7FBECAF-B931-4FE9-AA8D-D322BB583E70}.Debug|x86.Build.0 = Debug|Any CPU
		{F7FBECAF-B931-4FE9-AA8D-D322BB583E70}.NugetPublish|Any CPU.ActiveCfg = Release|Any CPU
		{F7FBECAF-B931-4FE9-AA8D-D322BB583E70}.NugetPublish|Any CPU.Build.0 = Release|Any CPU
		{F7FBECAF-B931-4FE9-AA8D-D322BB583E70}.NugetPublish|x64.ActiveCfg = Release|Any CPU
		{F7FBECAF-B931-4FE9-AA8D-D322BB583E70}.NugetPublish|x64.Build.0 = Release|Any CPU
		{F7FBECAF-B931-4FE9-AA8D-D322BB583E70}.NugetPublish|x86.ActiveCfg = Release|Any CPU
		{F7FBECAF-B931-4FE9-AA8D-D322BB583E70}.NugetPublish|x86.Build.0 = Release|Any CPU
		{F7FBECAF-B931-4FE9-AA8D-D322BB583E70}.Release|Any CPU.ActiveCfg = Release|Any CPU
		{F7FBECAF-B931-4FE9-AA8D-D322BB583E70}.Release|Any CPU.Build.0 = Release|Any CPU
		{F7FBECAF-B931-4FE9-AA8D-D322BB583E70}.Release|x64.ActiveCfg = Release|Any CPU
		{F7FBECAF-B931-4FE9-AA8D-D322BB583E70}.Release|x64.Build.0 = Release|Any CPU
		{F7FBECAF-B931-4FE9-AA8D-D322BB583E70}.Release|x86.ActiveCfg = Release|Any CPU
		{F7FBECAF-B931-4FE9-AA8D-D322BB583E70}.Release|x86.Build.0 = Release|Any CPU
		{003138EB-6830-4854-AA95-2777903385AA}.Debug|Any CPU.ActiveCfg = Debug|Any CPU
		{003138EB-6830-4854-AA95-2777903385AA}.Debug|Any CPU.Build.0 = Debug|Any CPU
		{003138EB-6830-4854-AA95-2777903385AA}.Debug|x64.ActiveCfg = Debug|Any CPU
		{003138EB-6830-4854-AA95-2777903385AA}.Debug|x64.Build.0 = Debug|Any CPU
		{003138EB-6830-4854-AA95-2777903385AA}.Debug|x86.ActiveCfg = Debug|Any CPU
		{003138EB-6830-4854-AA95-2777903385AA}.Debug|x86.Build.0 = Debug|Any CPU
		{003138EB-6830-4854-AA95-2777903385AA}.NugetPublish|Any CPU.ActiveCfg = Release|Any CPU
		{003138EB-6830-4854-AA95-2777903385AA}.NugetPublish|Any CPU.Build.0 = Release|Any CPU
		{003138EB-6830-4854-AA95-2777903385AA}.NugetPublish|x64.ActiveCfg = Release|Any CPU
		{003138EB-6830-4854-AA95-2777903385AA}.NugetPublish|x64.Build.0 = Release|Any CPU
		{003138EB-6830-4854-AA95-2777903385AA}.NugetPublish|x86.ActiveCfg = Release|Any CPU
		{003138EB-6830-4854-AA95-2777903385AA}.NugetPublish|x86.Build.0 = Release|Any CPU
		{003138EB-6830-4854-AA95-2777903385AA}.Release|Any CPU.ActiveCfg = Release|Any CPU
		{003138EB-6830-4854-AA95-2777903385AA}.Release|Any CPU.Build.0 = Release|Any CPU
		{003138EB-6830-4854-AA95-2777903385AA}.Release|x64.ActiveCfg = Release|Any CPU
		{003138EB-6830-4854-AA95-2777903385AA}.Release|x64.Build.0 = Release|Any CPU
		{003138EB-6830-4854-AA95-2777903385AA}.Release|x86.ActiveCfg = Release|Any CPU
		{003138EB-6830-4854-AA95-2777903385AA}.Release|x86.Build.0 = Release|Any CPU
		{86C00B36-670D-4C30-A993-5AD06E172F13}.Debug|Any CPU.ActiveCfg = Debug|Any CPU
		{86C00B36-670D-4C30-A993-5AD06E172F13}.Debug|Any CPU.Build.0 = Debug|Any CPU
		{86C00B36-670D-4C30-A993-5AD06E172F13}.Debug|x64.ActiveCfg = Debug|Any CPU
		{86C00B36-670D-4C30-A993-5AD06E172F13}.Debug|x64.Build.0 = Debug|Any CPU
		{86C00B36-670D-4C30-A993-5AD06E172F13}.Debug|x86.ActiveCfg = Debug|Any CPU
		{86C00B36-670D-4C30-A993-5AD06E172F13}.Debug|x86.Build.0 = Debug|Any CPU
		{86C00B36-670D-4C30-A993-5AD06E172F13}.NugetPublish|Any CPU.ActiveCfg = Release|Any CPU
		{86C00B36-670D-4C30-A993-5AD06E172F13}.NugetPublish|Any CPU.Build.0 = Release|Any CPU
		{86C00B36-670D-4C30-A993-5AD06E172F13}.NugetPublish|x64.ActiveCfg = Release|Any CPU
		{86C00B36-670D-4C30-A993-5AD06E172F13}.NugetPublish|x64.Build.0 = Release|Any CPU
		{86C00B36-670D-4C30-A993-5AD06E172F13}.NugetPublish|x86.ActiveCfg = Release|Any CPU
		{86C00B36-670D-4C30-A993-5AD06E172F13}.NugetPublish|x86.Build.0 = Release|Any CPU
		{86C00B36-670D-4C30-A993-5AD06E172F13}.Release|Any CPU.ActiveCfg = Release|Any CPU
		{86C00B36-670D-4C30-A993-5AD06E172F13}.Release|Any CPU.Build.0 = Release|Any CPU
		{86C00B36-670D-4C30-A993-5AD06E172F13}.Release|x64.ActiveCfg = Release|Any CPU
		{86C00B36-670D-4C30-A993-5AD06E172F13}.Release|x64.Build.0 = Release|Any CPU
		{86C00B36-670D-4C30-A993-5AD06E172F13}.Release|x86.ActiveCfg = Release|Any CPU
		{86C00B36-670D-4C30-A993-5AD06E172F13}.Release|x86.Build.0 = Release|Any CPU
		{825886C9-1AB7-428D-9AFC-0AEEFB98882E}.Debug|Any CPU.ActiveCfg = Debug|Any CPU
		{825886C9-1AB7-428D-9AFC-0AEEFB98882E}.Debug|Any CPU.Build.0 = Debug|Any CPU
		{825886C9-1AB7-428D-9AFC-0AEEFB98882E}.Debug|x64.ActiveCfg = Debug|Any CPU
		{825886C9-1AB7-428D-9AFC-0AEEFB98882E}.Debug|x64.Build.0 = Debug|Any CPU
		{825886C9-1AB7-428D-9AFC-0AEEFB98882E}.Debug|x86.ActiveCfg = Debug|Any CPU
		{825886C9-1AB7-428D-9AFC-0AEEFB98882E}.Debug|x86.Build.0 = Debug|Any CPU
		{825886C9-1AB7-428D-9AFC-0AEEFB98882E}.NugetPublish|Any CPU.ActiveCfg = Release|Any CPU
		{825886C9-1AB7-428D-9AFC-0AEEFB98882E}.NugetPublish|Any CPU.Build.0 = Release|Any CPU
		{825886C9-1AB7-428D-9AFC-0AEEFB98882E}.NugetPublish|x64.ActiveCfg = Release|Any CPU
		{825886C9-1AB7-428D-9AFC-0AEEFB98882E}.NugetPublish|x64.Build.0 = Release|Any CPU
		{825886C9-1AB7-428D-9AFC-0AEEFB98882E}.NugetPublish|x86.ActiveCfg = Release|Any CPU
		{825886C9-1AB7-428D-9AFC-0AEEFB98882E}.NugetPublish|x86.Build.0 = Release|Any CPU
		{825886C9-1AB7-428D-9AFC-0AEEFB98882E}.Release|Any CPU.ActiveCfg = Release|Any CPU
		{825886C9-1AB7-428D-9AFC-0AEEFB98882E}.Release|Any CPU.Build.0 = Release|Any CPU
		{825886C9-1AB7-428D-9AFC-0AEEFB98882E}.Release|x64.ActiveCfg = Release|Any CPU
		{825886C9-1AB7-428D-9AFC-0AEEFB98882E}.Release|x64.Build.0 = Release|Any CPU
		{825886C9-1AB7-428D-9AFC-0AEEFB98882E}.Release|x86.ActiveCfg = Release|Any CPU
		{825886C9-1AB7-428D-9AFC-0AEEFB98882E}.Release|x86.Build.0 = Release|Any CPU
		{C866AA36-4008-4A2C-99C2-2FE2897E5C6C}.Debug|Any CPU.ActiveCfg = Debug|Any CPU
		{C866AA36-4008-4A2C-99C2-2FE2897E5C6C}.Debug|Any CPU.Build.0 = Debug|Any CPU
		{C866AA36-4008-4A2C-99C2-2FE2897E5C6C}.Debug|x64.ActiveCfg = Debug|Any CPU
		{C866AA36-4008-4A2C-99C2-2FE2897E5C6C}.Debug|x64.Build.0 = Debug|Any CPU
		{C866AA36-4008-4A2C-99C2-2FE2897E5C6C}.Debug|x86.ActiveCfg = Debug|Any CPU
		{C866AA36-4008-4A2C-99C2-2FE2897E5C6C}.Debug|x86.Build.0 = Debug|Any CPU
		{C866AA36-4008-4A2C-99C2-2FE2897E5C6C}.NugetPublish|Any CPU.ActiveCfg = Release|Any CPU
		{C866AA36-4008-4A2C-99C2-2FE2897E5C6C}.NugetPublish|Any CPU.Build.0 = Release|Any CPU
		{C866AA36-4008-4A2C-99C2-2FE2897E5C6C}.NugetPublish|x64.ActiveCfg = Release|Any CPU
		{C866AA36-4008-4A2C-99C2-2FE2897E5C6C}.NugetPublish|x64.Build.0 = Release|Any CPU
		{C866AA36-4008-4A2C-99C2-2FE2897E5C6C}.NugetPublish|x86.ActiveCfg = Release|Any CPU
		{C866AA36-4008-4A2C-99C2-2FE2897E5C6C}.NugetPublish|x86.Build.0 = Release|Any CPU
		{C866AA36-4008-4A2C-99C2-2FE2897E5C6C}.Release|Any CPU.ActiveCfg = Release|Any CPU
		{C866AA36-4008-4A2C-99C2-2FE2897E5C6C}.Release|Any CPU.Build.0 = Release|Any CPU
		{C866AA36-4008-4A2C-99C2-2FE2897E5C6C}.Release|x64.ActiveCfg = Release|Any CPU
		{C866AA36-4008-4A2C-99C2-2FE2897E5C6C}.Release|x64.Build.0 = Release|Any CPU
		{C866AA36-4008-4A2C-99C2-2FE2897E5C6C}.Release|x86.ActiveCfg = Release|Any CPU
		{C866AA36-4008-4A2C-99C2-2FE2897E5C6C}.Release|x86.Build.0 = Release|Any CPU
		{11AF4B11-705A-4CC0-844A-B94E71BA7CB5}.Debug|Any CPU.ActiveCfg = Debug|Any CPU
		{11AF4B11-705A-4CC0-844A-B94E71BA7CB5}.Debug|Any CPU.Build.0 = Debug|Any CPU
		{11AF4B11-705A-4CC0-844A-B94E71BA7CB5}.Debug|x64.ActiveCfg = Debug|Any CPU
		{11AF4B11-705A-4CC0-844A-B94E71BA7CB5}.Debug|x64.Build.0 = Debug|Any CPU
		{11AF4B11-705A-4CC0-844A-B94E71BA7CB5}.Debug|x86.ActiveCfg = Debug|Any CPU
		{11AF4B11-705A-4CC0-844A-B94E71BA7CB5}.Debug|x86.Build.0 = Debug|Any CPU
		{11AF4B11-705A-4CC0-844A-B94E71BA7CB5}.NugetPublish|Any CPU.ActiveCfg = Release|Any CPU
		{11AF4B11-705A-4CC0-844A-B94E71BA7CB5}.NugetPublish|Any CPU.Build.0 = Release|Any CPU
		{11AF4B11-705A-4CC0-844A-B94E71BA7CB5}.NugetPublish|x64.ActiveCfg = Release|Any CPU
		{11AF4B11-705A-4CC0-844A-B94E71BA7CB5}.NugetPublish|x64.Build.0 = Release|Any CPU
		{11AF4B11-705A-4CC0-844A-B94E71BA7CB5}.NugetPublish|x86.ActiveCfg = Release|Any CPU
		{11AF4B11-705A-4CC0-844A-B94E71BA7CB5}.NugetPublish|x86.Build.0 = Release|Any CPU
		{11AF4B11-705A-4CC0-844A-B94E71BA7CB5}.Release|Any CPU.ActiveCfg = Release|Any CPU
		{11AF4B11-705A-4CC0-844A-B94E71BA7CB5}.Release|Any CPU.Build.0 = Release|Any CPU
		{11AF4B11-705A-4CC0-844A-B94E71BA7CB5}.Release|x64.ActiveCfg = Release|Any CPU
		{11AF4B11-705A-4CC0-844A-B94E71BA7CB5}.Release|x64.Build.0 = Release|Any CPU
		{11AF4B11-705A-4CC0-844A-B94E71BA7CB5}.Release|x86.ActiveCfg = Release|Any CPU
		{11AF4B11-705A-4CC0-844A-B94E71BA7CB5}.Release|x86.Build.0 = Release|Any CPU
		{24EA0C0C-EC0F-4179-A25E-6D495E02CE8D}.Debug|Any CPU.ActiveCfg = Debug|Any CPU
		{24EA0C0C-EC0F-4179-A25E-6D495E02CE8D}.Debug|Any CPU.Build.0 = Debug|Any CPU
		{24EA0C0C-EC0F-4179-A25E-6D495E02CE8D}.Debug|x64.ActiveCfg = Debug|Any CPU
		{24EA0C0C-EC0F-4179-A25E-6D495E02CE8D}.Debug|x64.Build.0 = Debug|Any CPU
		{24EA0C0C-EC0F-4179-A25E-6D495E02CE8D}.Debug|x86.ActiveCfg = Debug|Any CPU
		{24EA0C0C-EC0F-4179-A25E-6D495E02CE8D}.Debug|x86.Build.0 = Debug|Any CPU
		{24EA0C0C-EC0F-4179-A25E-6D495E02CE8D}.NugetPublish|Any CPU.ActiveCfg = NugetPublish|Any CPU
		{24EA0C0C-EC0F-4179-A25E-6D495E02CE8D}.NugetPublish|Any CPU.Build.0 = NugetPublish|Any CPU
		{24EA0C0C-EC0F-4179-A25E-6D495E02CE8D}.NugetPublish|x64.ActiveCfg = NugetPublish|Any CPU
		{24EA0C0C-EC0F-4179-A25E-6D495E02CE8D}.NugetPublish|x64.Build.0 = NugetPublish|Any CPU
		{24EA0C0C-EC0F-4179-A25E-6D495E02CE8D}.NugetPublish|x86.ActiveCfg = NugetPublish|Any CPU
		{24EA0C0C-EC0F-4179-A25E-6D495E02CE8D}.NugetPublish|x86.Build.0 = NugetPublish|Any CPU
		{24EA0C0C-EC0F-4179-A25E-6D495E02CE8D}.Release|Any CPU.ActiveCfg = Release|Any CPU
		{24EA0C0C-EC0F-4179-A25E-6D495E02CE8D}.Release|Any CPU.Build.0 = Release|Any CPU
		{24EA0C0C-EC0F-4179-A25E-6D495E02CE8D}.Release|x64.ActiveCfg = Release|Any CPU
		{24EA0C0C-EC0F-4179-A25E-6D495E02CE8D}.Release|x64.Build.0 = Release|Any CPU
		{24EA0C0C-EC0F-4179-A25E-6D495E02CE8D}.Release|x86.ActiveCfg = Release|Any CPU
		{24EA0C0C-EC0F-4179-A25E-6D495E02CE8D}.Release|x86.Build.0 = Release|Any CPU
		{6E4319B6-3BB9-42C9-B776-8ECCC27DF3F0}.Debug|Any CPU.ActiveCfg = Debug|Any CPU
		{6E4319B6-3BB9-42C9-B776-8ECCC27DF3F0}.Debug|Any CPU.Build.0 = Debug|Any CPU
		{6E4319B6-3BB9-42C9-B776-8ECCC27DF3F0}.Debug|x64.ActiveCfg = Debug|Any CPU
		{6E4319B6-3BB9-42C9-B776-8ECCC27DF3F0}.Debug|x64.Build.0 = Debug|Any CPU
		{6E4319B6-3BB9-42C9-B776-8ECCC27DF3F0}.Debug|x86.ActiveCfg = Debug|Any CPU
		{6E4319B6-3BB9-42C9-B776-8ECCC27DF3F0}.Debug|x86.Build.0 = Debug|Any CPU
		{6E4319B6-3BB9-42C9-B776-8ECCC27DF3F0}.NugetPublish|Any CPU.ActiveCfg = NugetPublish|Any CPU
		{6E4319B6-3BB9-42C9-B776-8ECCC27DF3F0}.NugetPublish|Any CPU.Build.0 = NugetPublish|Any CPU
		{6E4319B6-3BB9-42C9-B776-8ECCC27DF3F0}.NugetPublish|x64.ActiveCfg = NugetPublish|Any CPU
		{6E4319B6-3BB9-42C9-B776-8ECCC27DF3F0}.NugetPublish|x64.Build.0 = NugetPublish|Any CPU
		{6E4319B6-3BB9-42C9-B776-8ECCC27DF3F0}.NugetPublish|x86.ActiveCfg = NugetPublish|Any CPU
		{6E4319B6-3BB9-42C9-B776-8ECCC27DF3F0}.NugetPublish|x86.Build.0 = NugetPublish|Any CPU
		{6E4319B6-3BB9-42C9-B776-8ECCC27DF3F0}.Release|Any CPU.ActiveCfg = Release|Any CPU
		{6E4319B6-3BB9-42C9-B776-8ECCC27DF3F0}.Release|Any CPU.Build.0 = Release|Any CPU
		{6E4319B6-3BB9-42C9-B776-8ECCC27DF3F0}.Release|x64.ActiveCfg = Release|Any CPU
		{6E4319B6-3BB9-42C9-B776-8ECCC27DF3F0}.Release|x64.Build.0 = Release|Any CPU
		{6E4319B6-3BB9-42C9-B776-8ECCC27DF3F0}.Release|x86.ActiveCfg = Release|Any CPU
		{6E4319B6-3BB9-42C9-B776-8ECCC27DF3F0}.Release|x86.Build.0 = Release|Any CPU
		{3662B27F-D3F7-4D8D-99C6-3412130112E2}.Debug|Any CPU.ActiveCfg = Debug|Any CPU
		{3662B27F-D3F7-4D8D-99C6-3412130112E2}.Debug|Any CPU.Build.0 = Debug|Any CPU
		{3662B27F-D3F7-4D8D-99C6-3412130112E2}.Debug|x64.ActiveCfg = Debug|Any CPU
		{3662B27F-D3F7-4D8D-99C6-3412130112E2}.Debug|x64.Build.0 = Debug|Any CPU
		{3662B27F-D3F7-4D8D-99C6-3412130112E2}.Debug|x86.ActiveCfg = Debug|Any CPU
		{3662B27F-D3F7-4D8D-99C6-3412130112E2}.Debug|x86.Build.0 = Debug|Any CPU
		{3662B27F-D3F7-4D8D-99C6-3412130112E2}.NugetPublish|Any CPU.ActiveCfg = NugetPublish|Any CPU
		{3662B27F-D3F7-4D8D-99C6-3412130112E2}.NugetPublish|Any CPU.Build.0 = NugetPublish|Any CPU
		{3662B27F-D3F7-4D8D-99C6-3412130112E2}.NugetPublish|x64.ActiveCfg = NugetPublish|Any CPU
		{3662B27F-D3F7-4D8D-99C6-3412130112E2}.NugetPublish|x64.Build.0 = NugetPublish|Any CPU
		{3662B27F-D3F7-4D8D-99C6-3412130112E2}.NugetPublish|x86.ActiveCfg = NugetPublish|Any CPU
		{3662B27F-D3F7-4D8D-99C6-3412130112E2}.NugetPublish|x86.Build.0 = NugetPublish|Any CPU
		{3662B27F-D3F7-4D8D-99C6-3412130112E2}.Release|Any CPU.ActiveCfg = Release|Any CPU
		{3662B27F-D3F7-4D8D-99C6-3412130112E2}.Release|Any CPU.Build.0 = Release|Any CPU
		{3662B27F-D3F7-4D8D-99C6-3412130112E2}.Release|x64.ActiveCfg = Release|Any CPU
		{3662B27F-D3F7-4D8D-99C6-3412130112E2}.Release|x64.Build.0 = Release|Any CPU
		{3662B27F-D3F7-4D8D-99C6-3412130112E2}.Release|x86.ActiveCfg = Release|Any CPU
		{3662B27F-D3F7-4D8D-99C6-3412130112E2}.Release|x86.Build.0 = Release|Any CPU
		{566C5D6D-D52A-4CAF-B7A8-A8912D31A0A3}.Debug|Any CPU.ActiveCfg = Debug|Any CPU
		{566C5D6D-D52A-4CAF-B7A8-A8912D31A0A3}.Debug|Any CPU.Build.0 = Debug|Any CPU
		{566C5D6D-D52A-4CAF-B7A8-A8912D31A0A3}.Debug|x64.ActiveCfg = Debug|Any CPU
		{566C5D6D-D52A-4CAF-B7A8-A8912D31A0A3}.Debug|x64.Build.0 = Debug|Any CPU
		{566C5D6D-D52A-4CAF-B7A8-A8912D31A0A3}.Debug|x86.ActiveCfg = Debug|Any CPU
		{566C5D6D-D52A-4CAF-B7A8-A8912D31A0A3}.Debug|x86.Build.0 = Debug|Any CPU
		{566C5D6D-D52A-4CAF-B7A8-A8912D31A0A3}.NugetPublish|Any CPU.ActiveCfg = NugetPublish|Any CPU
		{566C5D6D-D52A-4CAF-B7A8-A8912D31A0A3}.NugetPublish|Any CPU.Build.0 = NugetPublish|Any CPU
		{566C5D6D-D52A-4CAF-B7A8-A8912D31A0A3}.NugetPublish|x64.ActiveCfg = NugetPublish|Any CPU
		{566C5D6D-D52A-4CAF-B7A8-A8912D31A0A3}.NugetPublish|x64.Build.0 = NugetPublish|Any CPU
		{566C5D6D-D52A-4CAF-B7A8-A8912D31A0A3}.NugetPublish|x86.ActiveCfg = NugetPublish|Any CPU
		{566C5D6D-D52A-4CAF-B7A8-A8912D31A0A3}.NugetPublish|x86.Build.0 = NugetPublish|Any CPU
		{566C5D6D-D52A-4CAF-B7A8-A8912D31A0A3}.Release|Any CPU.ActiveCfg = Release|Any CPU
		{566C5D6D-D52A-4CAF-B7A8-A8912D31A0A3}.Release|Any CPU.Build.0 = Release|Any CPU
		{566C5D6D-D52A-4CAF-B7A8-A8912D31A0A3}.Release|x64.ActiveCfg = Release|Any CPU
		{566C5D6D-D52A-4CAF-B7A8-A8912D31A0A3}.Release|x64.Build.0 = Release|Any CPU
		{566C5D6D-D52A-4CAF-B7A8-A8912D31A0A3}.Release|x86.ActiveCfg = Release|Any CPU
		{566C5D6D-D52A-4CAF-B7A8-A8912D31A0A3}.Release|x86.Build.0 = Release|Any CPU
		{DC26C1E7-4F52-4190-AACC-1FBB2F0559FB}.Debug|Any CPU.ActiveCfg = Debug|Any CPU
		{DC26C1E7-4F52-4190-AACC-1FBB2F0559FB}.Debug|Any CPU.Build.0 = Debug|Any CPU
		{DC26C1E7-4F52-4190-AACC-1FBB2F0559FB}.Debug|x64.ActiveCfg = Debug|Any CPU
		{DC26C1E7-4F52-4190-AACC-1FBB2F0559FB}.Debug|x64.Build.0 = Debug|Any CPU
		{DC26C1E7-4F52-4190-AACC-1FBB2F0559FB}.Debug|x86.ActiveCfg = Debug|Any CPU
		{DC26C1E7-4F52-4190-AACC-1FBB2F0559FB}.Debug|x86.Build.0 = Debug|Any CPU
		{DC26C1E7-4F52-4190-AACC-1FBB2F0559FB}.NugetPublish|Any CPU.ActiveCfg = NugetPublish|Any CPU
		{DC26C1E7-4F52-4190-AACC-1FBB2F0559FB}.NugetPublish|Any CPU.Build.0 = NugetPublish|Any CPU
		{DC26C1E7-4F52-4190-AACC-1FBB2F0559FB}.NugetPublish|x64.ActiveCfg = NugetPublish|Any CPU
		{DC26C1E7-4F52-4190-AACC-1FBB2F0559FB}.NugetPublish|x64.Build.0 = NugetPublish|Any CPU
		{DC26C1E7-4F52-4190-AACC-1FBB2F0559FB}.NugetPublish|x86.ActiveCfg = NugetPublish|Any CPU
		{DC26C1E7-4F52-4190-AACC-1FBB2F0559FB}.NugetPublish|x86.Build.0 = NugetPublish|Any CPU
		{DC26C1E7-4F52-4190-AACC-1FBB2F0559FB}.Release|Any CPU.ActiveCfg = Release|Any CPU
		{DC26C1E7-4F52-4190-AACC-1FBB2F0559FB}.Release|Any CPU.Build.0 = Release|Any CPU
		{DC26C1E7-4F52-4190-AACC-1FBB2F0559FB}.Release|x64.ActiveCfg = Release|Any CPU
		{DC26C1E7-4F52-4190-AACC-1FBB2F0559FB}.Release|x64.Build.0 = Release|Any CPU
		{DC26C1E7-4F52-4190-AACC-1FBB2F0559FB}.Release|x86.ActiveCfg = Release|Any CPU
		{DC26C1E7-4F52-4190-AACC-1FBB2F0559FB}.Release|x86.Build.0 = Release|Any CPU
		{F023DB6C-2BD4-4927-8979-09DF0EC3670B}.Debug|Any CPU.ActiveCfg = Debug|Any CPU
		{F023DB6C-2BD4-4927-8979-09DF0EC3670B}.Debug|Any CPU.Build.0 = Debug|Any CPU
		{F023DB6C-2BD4-4927-8979-09DF0EC3670B}.Debug|x64.ActiveCfg = Debug|Any CPU
		{F023DB6C-2BD4-4927-8979-09DF0EC3670B}.Debug|x64.Build.0 = Debug|Any CPU
		{F023DB6C-2BD4-4927-8979-09DF0EC3670B}.Debug|x86.ActiveCfg = Debug|Any CPU
		{F023DB6C-2BD4-4927-8979-09DF0EC3670B}.Debug|x86.Build.0 = Debug|Any CPU
		{F023DB6C-2BD4-4927-8979-09DF0EC3670B}.NugetPublish|Any CPU.ActiveCfg = Release|Any CPU
		{F023DB6C-2BD4-4927-8979-09DF0EC3670B}.NugetPublish|Any CPU.Build.0 = Release|Any CPU
		{F023DB6C-2BD4-4927-8979-09DF0EC3670B}.NugetPublish|x64.ActiveCfg = Release|Any CPU
		{F023DB6C-2BD4-4927-8979-09DF0EC3670B}.NugetPublish|x64.Build.0 = Release|Any CPU
		{F023DB6C-2BD4-4927-8979-09DF0EC3670B}.NugetPublish|x86.ActiveCfg = Release|Any CPU
		{F023DB6C-2BD4-4927-8979-09DF0EC3670B}.NugetPublish|x86.Build.0 = Release|Any CPU
		{F023DB6C-2BD4-4927-8979-09DF0EC3670B}.Release|Any CPU.ActiveCfg = Release|Any CPU
		{F023DB6C-2BD4-4927-8979-09DF0EC3670B}.Release|Any CPU.Build.0 = Release|Any CPU
		{F023DB6C-2BD4-4927-8979-09DF0EC3670B}.Release|x64.ActiveCfg = Release|Any CPU
		{F023DB6C-2BD4-4927-8979-09DF0EC3670B}.Release|x64.Build.0 = Release|Any CPU
		{F023DB6C-2BD4-4927-8979-09DF0EC3670B}.Release|x86.ActiveCfg = Release|Any CPU
		{F023DB6C-2BD4-4927-8979-09DF0EC3670B}.Release|x86.Build.0 = Release|Any CPU
		{F915E512-4B20-401D-848B-C1ECCFC72A53}.Debug|Any CPU.ActiveCfg = Debug|Any CPU
		{F915E512-4B20-401D-848B-C1ECCFC72A53}.Debug|Any CPU.Build.0 = Debug|Any CPU
		{F915E512-4B20-401D-848B-C1ECCFC72A53}.Debug|x64.ActiveCfg = Debug|Any CPU
		{F915E512-4B20-401D-848B-C1ECCFC72A53}.Debug|x64.Build.0 = Debug|Any CPU
		{F915E512-4B20-401D-848B-C1ECCFC72A53}.Debug|x86.ActiveCfg = Debug|Any CPU
		{F915E512-4B20-401D-848B-C1ECCFC72A53}.Debug|x86.Build.0 = Debug|Any CPU
		{F915E512-4B20-401D-848B-C1ECCFC72A53}.NugetPublish|Any CPU.ActiveCfg = Release|Any CPU
		{F915E512-4B20-401D-848B-C1ECCFC72A53}.NugetPublish|Any CPU.Build.0 = Release|Any CPU
		{F915E512-4B20-401D-848B-C1ECCFC72A53}.NugetPublish|x64.ActiveCfg = Release|Any CPU
		{F915E512-4B20-401D-848B-C1ECCFC72A53}.NugetPublish|x64.Build.0 = Release|Any CPU
		{F915E512-4B20-401D-848B-C1ECCFC72A53}.NugetPublish|x86.ActiveCfg = Release|Any CPU
		{F915E512-4B20-401D-848B-C1ECCFC72A53}.NugetPublish|x86.Build.0 = Release|Any CPU
		{F915E512-4B20-401D-848B-C1ECCFC72A53}.Release|Any CPU.ActiveCfg = Release|Any CPU
		{F915E512-4B20-401D-848B-C1ECCFC72A53}.Release|Any CPU.Build.0 = Release|Any CPU
		{F915E512-4B20-401D-848B-C1ECCFC72A53}.Release|x64.ActiveCfg = Release|Any CPU
		{F915E512-4B20-401D-848B-C1ECCFC72A53}.Release|x64.Build.0 = Release|Any CPU
		{F915E512-4B20-401D-848B-C1ECCFC72A53}.Release|x86.ActiveCfg = Release|Any CPU
		{F915E512-4B20-401D-848B-C1ECCFC72A53}.Release|x86.Build.0 = Release|Any CPU
		{2771B579-245B-485E-BD84-8F27C9CFCBA5}.Debug|Any CPU.ActiveCfg = Debug|Any CPU
		{2771B579-245B-485E-BD84-8F27C9CFCBA5}.Debug|Any CPU.Build.0 = Debug|Any CPU
		{2771B579-245B-485E-BD84-8F27C9CFCBA5}.Debug|x64.ActiveCfg = Debug|Any CPU
		{2771B579-245B-485E-BD84-8F27C9CFCBA5}.Debug|x64.Build.0 = Debug|Any CPU
		{2771B579-245B-485E-BD84-8F27C9CFCBA5}.Debug|x86.ActiveCfg = Debug|Any CPU
		{2771B579-245B-485E-BD84-8F27C9CFCBA5}.Debug|x86.Build.0 = Debug|Any CPU
		{2771B579-245B-485E-BD84-8F27C9CFCBA5}.NugetPublish|Any CPU.ActiveCfg = Release|Any CPU
		{2771B579-245B-485E-BD84-8F27C9CFCBA5}.NugetPublish|Any CPU.Build.0 = Release|Any CPU
		{2771B579-245B-485E-BD84-8F27C9CFCBA5}.NugetPublish|x64.ActiveCfg = Release|Any CPU
		{2771B579-245B-485E-BD84-8F27C9CFCBA5}.NugetPublish|x64.Build.0 = Release|Any CPU
		{2771B579-245B-485E-BD84-8F27C9CFCBA5}.NugetPublish|x86.ActiveCfg = Release|Any CPU
		{2771B579-245B-485E-BD84-8F27C9CFCBA5}.NugetPublish|x86.Build.0 = Release|Any CPU
		{2771B579-245B-485E-BD84-8F27C9CFCBA5}.Release|Any CPU.ActiveCfg = Release|Any CPU
		{2771B579-245B-485E-BD84-8F27C9CFCBA5}.Release|Any CPU.Build.0 = Release|Any CPU
		{2771B579-245B-485E-BD84-8F27C9CFCBA5}.Release|x64.ActiveCfg = Release|Any CPU
		{2771B579-245B-485E-BD84-8F27C9CFCBA5}.Release|x64.Build.0 = Release|Any CPU
		{2771B579-245B-485E-BD84-8F27C9CFCBA5}.Release|x86.ActiveCfg = Release|Any CPU
		{2771B579-245B-485E-BD84-8F27C9CFCBA5}.Release|x86.Build.0 = Release|Any CPU
		{A45CAFE0-D2D3-471D-AC30-BB5A25A66C2F}.Debug|Any CPU.ActiveCfg = Debug|Any CPU
		{A45CAFE0-D2D3-471D-AC30-BB5A25A66C2F}.Debug|Any CPU.Build.0 = Debug|Any CPU
		{A45CAFE0-D2D3-471D-AC30-BB5A25A66C2F}.Debug|x64.ActiveCfg = Debug|Any CPU
		{A45CAFE0-D2D3-471D-AC30-BB5A25A66C2F}.Debug|x64.Build.0 = Debug|Any CPU
		{A45CAFE0-D2D3-471D-AC30-BB5A25A66C2F}.Debug|x86.ActiveCfg = Debug|Any CPU
		{A45CAFE0-D2D3-471D-AC30-BB5A25A66C2F}.Debug|x86.Build.0 = Debug|Any CPU
		{A45CAFE0-D2D3-471D-AC30-BB5A25A66C2F}.NugetPublish|Any CPU.ActiveCfg = Release|Any CPU
		{A45CAFE0-D2D3-471D-AC30-BB5A25A66C2F}.NugetPublish|Any CPU.Build.0 = Release|Any CPU
		{A45CAFE0-D2D3-471D-AC30-BB5A25A66C2F}.NugetPublish|x64.ActiveCfg = Release|Any CPU
		{A45CAFE0-D2D3-471D-AC30-BB5A25A66C2F}.NugetPublish|x64.Build.0 = Release|Any CPU
		{A45CAFE0-D2D3-471D-AC30-BB5A25A66C2F}.NugetPublish|x86.ActiveCfg = Release|Any CPU
		{A45CAFE0-D2D3-471D-AC30-BB5A25A66C2F}.NugetPublish|x86.Build.0 = Release|Any CPU
		{A45CAFE0-D2D3-471D-AC30-BB5A25A66C2F}.Release|Any CPU.ActiveCfg = Release|Any CPU
		{A45CAFE0-D2D3-471D-AC30-BB5A25A66C2F}.Release|Any CPU.Build.0 = Release|Any CPU
		{A45CAFE0-D2D3-471D-AC30-BB5A25A66C2F}.Release|x64.ActiveCfg = Release|Any CPU
		{A45CAFE0-D2D3-471D-AC30-BB5A25A66C2F}.Release|x64.Build.0 = Release|Any CPU
		{A45CAFE0-D2D3-471D-AC30-BB5A25A66C2F}.Release|x86.ActiveCfg = Release|Any CPU
		{A45CAFE0-D2D3-471D-AC30-BB5A25A66C2F}.Release|x86.Build.0 = Release|Any CPU
		{5F99F60F-0CDC-4C01-AD94-977D79485FBE}.Debug|Any CPU.ActiveCfg = Debug|Any CPU
		{5F99F60F-0CDC-4C01-AD94-977D79485FBE}.Debug|Any CPU.Build.0 = Debug|Any CPU
		{5F99F60F-0CDC-4C01-AD94-977D79485FBE}.Debug|x64.ActiveCfg = Debug|Any CPU
		{5F99F60F-0CDC-4C01-AD94-977D79485FBE}.Debug|x64.Build.0 = Debug|Any CPU
		{5F99F60F-0CDC-4C01-AD94-977D79485FBE}.Debug|x86.ActiveCfg = Debug|Any CPU
		{5F99F60F-0CDC-4C01-AD94-977D79485FBE}.Debug|x86.Build.0 = Debug|Any CPU
		{5F99F60F-0CDC-4C01-AD94-977D79485FBE}.NugetPublish|Any CPU.ActiveCfg = Release|Any CPU
		{5F99F60F-0CDC-4C01-AD94-977D79485FBE}.NugetPublish|Any CPU.Build.0 = Release|Any CPU
		{5F99F60F-0CDC-4C01-AD94-977D79485FBE}.NugetPublish|x64.ActiveCfg = Release|Any CPU
		{5F99F60F-0CDC-4C01-AD94-977D79485FBE}.NugetPublish|x64.Build.0 = Release|Any CPU
		{5F99F60F-0CDC-4C01-AD94-977D79485FBE}.NugetPublish|x86.ActiveCfg = Release|Any CPU
		{5F99F60F-0CDC-4C01-AD94-977D79485FBE}.NugetPublish|x86.Build.0 = Release|Any CPU
		{5F99F60F-0CDC-4C01-AD94-977D79485FBE}.Release|Any CPU.ActiveCfg = Release|Any CPU
		{5F99F60F-0CDC-4C01-AD94-977D79485FBE}.Release|Any CPU.Build.0 = Release|Any CPU
		{5F99F60F-0CDC-4C01-AD94-977D79485FBE}.Release|x64.ActiveCfg = Release|Any CPU
		{5F99F60F-0CDC-4C01-AD94-977D79485FBE}.Release|x64.Build.0 = Release|Any CPU
		{5F99F60F-0CDC-4C01-AD94-977D79485FBE}.Release|x86.ActiveCfg = Release|Any CPU
		{5F99F60F-0CDC-4C01-AD94-977D79485FBE}.Release|x86.Build.0 = Release|Any CPU
		{394F72C9-2176-4757-B714-C031735D86E4}.Debug|Any CPU.ActiveCfg = Debug|Any CPU
		{394F72C9-2176-4757-B714-C031735D86E4}.Debug|Any CPU.Build.0 = Debug|Any CPU
		{394F72C9-2176-4757-B714-C031735D86E4}.Debug|x64.ActiveCfg = Debug|Any CPU
		{394F72C9-2176-4757-B714-C031735D86E4}.Debug|x64.Build.0 = Debug|Any CPU
		{394F72C9-2176-4757-B714-C031735D86E4}.Debug|x86.ActiveCfg = Debug|Any CPU
		{394F72C9-2176-4757-B714-C031735D86E4}.Debug|x86.Build.0 = Debug|Any CPU
		{394F72C9-2176-4757-B714-C031735D86E4}.NugetPublish|Any CPU.ActiveCfg = Release|Any CPU
		{394F72C9-2176-4757-B714-C031735D86E4}.NugetPublish|Any CPU.Build.0 = Release|Any CPU
		{394F72C9-2176-4757-B714-C031735D86E4}.NugetPublish|x64.ActiveCfg = Release|Any CPU
		{394F72C9-2176-4757-B714-C031735D86E4}.NugetPublish|x64.Build.0 = Release|Any CPU
		{394F72C9-2176-4757-B714-C031735D86E4}.NugetPublish|x86.ActiveCfg = Release|Any CPU
		{394F72C9-2176-4757-B714-C031735D86E4}.NugetPublish|x86.Build.0 = Release|Any CPU
		{394F72C9-2176-4757-B714-C031735D86E4}.Release|Any CPU.ActiveCfg = Release|Any CPU
		{394F72C9-2176-4757-B714-C031735D86E4}.Release|Any CPU.Build.0 = Release|Any CPU
		{394F72C9-2176-4757-B714-C031735D86E4}.Release|x64.ActiveCfg = Release|Any CPU
		{394F72C9-2176-4757-B714-C031735D86E4}.Release|x64.Build.0 = Release|Any CPU
		{394F72C9-2176-4757-B714-C031735D86E4}.Release|x86.ActiveCfg = Release|Any CPU
		{394F72C9-2176-4757-B714-C031735D86E4}.Release|x86.Build.0 = Release|Any CPU
		{34913DEA-CFED-4400-AD4C-0F1259DEFC35}.Debug|Any CPU.ActiveCfg = Debug|Any CPU
		{34913DEA-CFED-4400-AD4C-0F1259DEFC35}.Debug|Any CPU.Build.0 = Debug|Any CPU
		{34913DEA-CFED-4400-AD4C-0F1259DEFC35}.Debug|x64.ActiveCfg = Debug|Any CPU
		{34913DEA-CFED-4400-AD4C-0F1259DEFC35}.Debug|x64.Build.0 = Debug|Any CPU
		{34913DEA-CFED-4400-AD4C-0F1259DEFC35}.Debug|x86.ActiveCfg = Debug|Any CPU
		{34913DEA-CFED-4400-AD4C-0F1259DEFC35}.Debug|x86.Build.0 = Debug|Any CPU
		{34913DEA-CFED-4400-AD4C-0F1259DEFC35}.NugetPublish|Any CPU.ActiveCfg = Release|Any CPU
		{34913DEA-CFED-4400-AD4C-0F1259DEFC35}.NugetPublish|Any CPU.Build.0 = Release|Any CPU
		{34913DEA-CFED-4400-AD4C-0F1259DEFC35}.NugetPublish|x64.ActiveCfg = Release|Any CPU
		{34913DEA-CFED-4400-AD4C-0F1259DEFC35}.NugetPublish|x64.Build.0 = Release|Any CPU
		{34913DEA-CFED-4400-AD4C-0F1259DEFC35}.NugetPublish|x86.ActiveCfg = Release|Any CPU
		{34913DEA-CFED-4400-AD4C-0F1259DEFC35}.NugetPublish|x86.Build.0 = Release|Any CPU
		{34913DEA-CFED-4400-AD4C-0F1259DEFC35}.Release|Any CPU.ActiveCfg = Release|Any CPU
		{34913DEA-CFED-4400-AD4C-0F1259DEFC35}.Release|Any CPU.Build.0 = Release|Any CPU
		{34913DEA-CFED-4400-AD4C-0F1259DEFC35}.Release|x64.ActiveCfg = Release|Any CPU
		{34913DEA-CFED-4400-AD4C-0F1259DEFC35}.Release|x64.Build.0 = Release|Any CPU
		{34913DEA-CFED-4400-AD4C-0F1259DEFC35}.Release|x86.ActiveCfg = Release|Any CPU
		{34913DEA-CFED-4400-AD4C-0F1259DEFC35}.Release|x86.Build.0 = Release|Any CPU
	EndGlobalSection
	GlobalSection(SolutionProperties) = preSolution
		HideSolutionNode = FALSE
	EndGlobalSection
	GlobalSection(NestedProjects) = preSolution
		{BD527A9B-EB42-4D76-AC3D-A53F1B2260E1} = {057B873F-ECFE-4A28-BA7B-2EBEE2B42CDF}
		{207199DB-0174-4CAB-B539-C72ED77A4EFB} = {057B873F-ECFE-4A28-BA7B-2EBEE2B42CDF}
		{11AF4B11-705A-4CC0-844A-B94E71BA7CB5} = {057B873F-ECFE-4A28-BA7B-2EBEE2B42CDF}
		{24EA0C0C-EC0F-4179-A25E-6D495E02CE8D} = {1A06D71E-408A-4952-8931-510D259DBA6E}
		{6E4319B6-3BB9-42C9-B776-8ECCC27DF3F0} = {1A06D71E-408A-4952-8931-510D259DBA6E}
		{3662B27F-D3F7-4D8D-99C6-3412130112E2} = {1A06D71E-408A-4952-8931-510D259DBA6E}
		{566C5D6D-D52A-4CAF-B7A8-A8912D31A0A3} = {1A06D71E-408A-4952-8931-510D259DBA6E}
		{DC26C1E7-4F52-4190-AACC-1FBB2F0559FB} = {1A06D71E-408A-4952-8931-510D259DBA6E}
		{5F99F60F-0CDC-4C01-AD94-977D79485FBE} = {057B873F-ECFE-4A28-BA7B-2EBEE2B42CDF}
	EndGlobalSection
	GlobalSection(ExtensibilityGlobals) = postSolution
		SolutionGuid = {0195FB99-152D-4824-B36F-E343924B99EC}
	EndGlobalSection
	GlobalSection(TeamFoundationVersionControl) = preSolution
		SccNumberOfProjects = 24
		SccEnterpriseProvider = {4CA58AB2-18FA-4F8D-95D4-32DDF27D184C}
		SccTeamFoundationServer = https://tfs.ctd.tn.corp/devcollection
		SccLocalPath0 = .
		SccProjectUniqueName1 = Test\\BenchmarkHashes\\BenchmarkHashes.csproj
		SccProjectTopLevelParentUniqueName1 = Agent.sln
		SccProjectName1 = Test/BenchmarkHashes
		SccLocalPath1 = Test\\BenchmarkHashes
		SccProjectUniqueName2 = Diascan.Agent.ComputeHashes\\Diascan.Agent.ComputeHashes.csproj
		SccProjectName2 = Diascan.Agent.ComputeHashes
		SccLocalPath2 = Diascan.Agent.ComputeHashes
		SccProjectUniqueName3 = Test\\DiagnosticInformationAnalyzer\\DiagnosticInformationAnalyzer.csproj
		SccProjectTopLevelParentUniqueName3 = Agent.sln
		SccProjectName3 = Test/DiagnosticInformationAnalyzer
		SccLocalPath3 = Test\\DiagnosticInformationAnalyzer
		SccProjectUniqueName4 = Diascan.Agent.ModelDB\\Diascan.Agent.ModelDB.csproj
		SccProjectName4 = Diascan.Agent.ModelDB
		SccLocalPath4 = Diascan.Agent.ModelDB
		SccProjectUniqueName5 = Diascan.Agent.Server\\Diascan.Agent.Manager.csproj
		SccProjectName5 = Diascan.Agent.Server
		SccLocalPath5 = Diascan.Agent.Server
		SccProjectUniqueName6 = Diascan.Agent.CalcDiagDataLossTask\\Diascan.Agent.CalcDiagDataLossTask.csproj
		SccProjectName6 = Diascan.Agent.CalcDiagDataLossTask
		SccLocalPath6 = Diascan.Agent.CalcDiagDataLossTask
		SccProjectUniqueName7 = Diascan.Agent.DiagDataLoader.cs\\Diascan.Agent.DiagDataLoader.cs.csproj
		SccProjectName7 = Diascan.Agent.DiagDataLoader.cs
		SccLocalPath7 = Diascan.Agent.DiagDataLoader.cs
		SccProjectUniqueName8 = Diascan.Agent.ClientApp\\Diascan.Agent.ClientApp.csproj
		SccProjectName8 = Diascan.Agent.ClientApp
		SccLocalPath8 = Diascan.Agent.ClientApp
		SccProjectUniqueName9 = Diascan.Agent.DataAccess\\Diascan.Agent.DataAccess.csproj
		SccProjectName9 = Diascan.Agent.DataAccess
		SccLocalPath9 = Diascan.Agent.DataAccess
		SccProjectUniqueName10 = Test\\InsertJsonDBAgent\\TestInsertJsonDBAgent.csproj
		SccProjectTopLevelParentUniqueName10 = Agent.sln
		SccProjectName10 = Test/InsertJsonDBAgent
		SccLocalPath10 = Test\\InsertJsonDBAgent
		SccProjectUniqueName11 = ..\\..\\..\\..\\DiCore.Libs\\Dev\\DiCore.Lib.NDT.DiagnosticData\\DiCore.Lib.NDT.DiagnosticData.csproj
		SccProjectTopLevelParentUniqueName11 = Agent.sln
		SccProjectName11 = ../../../../DiCore.Libs/Dev/DiCore.Lib.NDT.DiagnosticData
		SccLocalPath11 = ..\\..\\..\\..\\DiCore.Libs\\Dev\\DiCore.Lib.NDT.DiagnosticData
		SccProjectUniqueName12 = ..\\..\\..\\..\\DiCore.Libs\\Dev\\DiCore.Lib.NDT.Types\\DiCore.Lib.NDT.Types.csproj
		SccProjectTopLevelParentUniqueName12 = Agent.sln
		SccProjectName12 = ../../../../DiCore.Libs/Dev/DiCore.Lib.NDT.Types
		SccLocalPath12 = ..\\..\\..\\..\\DiCore.Libs\\Dev\\DiCore.Lib.NDT.Types
		SccProjectUniqueName13 = ..\\..\\..\\..\\DiCore.Libs\\Dev\\DiCore.Lib.NDT.CoordinateProvider\\DiCore.Lib.NDT.CoordinateProvider.csproj
		SccProjectTopLevelParentUniqueName13 = Agent.sln
		SccProjectName13 = ../../../../DiCore.Libs/Dev/DiCore.Lib.NDT.CoordinateProvider
		SccLocalPath13 = ..\\..\\..\\..\\DiCore.Libs\\Dev\\DiCore.Lib.NDT.CoordinateProvider
		SccProjectUniqueName14 = ..\\..\\..\\..\\DiCore.Libs\\Dev\\DiCore.Lib.NDT.Carrier\\DiCore.Lib.NDT.Carrier.csproj
		SccProjectTopLevelParentUniqueName14 = Agent.sln
		SccProjectName14 = ../../../../DiCore.Libs/Dev/DiCore.Lib.NDT.Carrier
		SccLocalPath14 = ..\\..\\..\\..\\DiCore.Libs\\Dev\\DiCore.Lib.NDT.Carrier
		SccProjectUniqueName15 = ..\\..\\..\\..\\DiCore.Libs\\Dev\\DiCore.Lib.NDT.DataProviders\\DiCore.Lib.NDT.DataProviders.csproj
		SccProjectTopLevelParentUniqueName15 = Agent.sln
		SccProjectName15 = ../../../../DiCore.Libs/Dev/DiCore.Lib.NDT.DataProviders
		SccLocalPath15 = ..\\..\\..\\..\\DiCore.Libs\\Dev\\DiCore.Lib.NDT.DataProviders
		SccProjectUniqueName16 = Diascan.Agent.DirectoryDataModel\\Diascan.Agent.DirectoryDataModel.csproj
		SccProjectName16 = Diascan.Agent.DirectoryDataModel
		SccLocalPath16 = Diascan.Agent.DirectoryDataModel
		SccProjectUniqueName17 = Diascan.Agent.Logger\\Diascan.Agent.Logger.csproj
		SccProjectName17 = Diascan.Agent.Logger
		SccLocalPath17 = Diascan.Agent.Logger
		SccProjectUniqueName18 = Installer\\Diascan.Agent.Installer.wixproj
		SccProjectName18 = Installer
		SccLocalPath18 = Installer
		SccProjectUniqueName19 = Diascan.Agent.Server.WebApi\\Diascan.Agent.Server.WebApi.csproj
		SccProjectName19 = Diascan.Agent.Server.WebApi
		SccLocalPath19 = Diascan.Agent.Server.WebApi
		SccProjectUniqueName20 = Diascan.Agent.WebProject\\Diascan.Agent.WebProject.csproj
		SccProjectName20 = Diascan.Agent.WebProject
		SccLocalPath20 = Diascan.Agent.WebProject
		SccProjectUniqueName21 = ExcelToLiteDB\\ExcelToLiteDB.csproj
		SccProjectTopLevelParentUniqueName21 = Agent.sln
		SccProjectName21 = ExcelToLiteDB
		SccLocalPath21 = ExcelToLiteDB
		SccProjectUniqueName22 = Diascan.Agent.SharingEvents\\Diascan.Agent.SharingEvents.csproj
		SccProjectName22 = Diascan.Agent.SharingEvents
		SccLocalPath22 = Diascan.Agent.SharingEvents
		SccProjectUniqueName23 = Diascan.Agent.SOHandling\\Diascan.Agent.SOHandling.csproj
		SccProjectName23 = Diascan.Agent.SOHandling
		SccLocalPath23 = Diascan.Agent.SOHandling
	EndGlobalSection
EndGlobal
