
Microsoft Visual Studio Solution File, Format Version 12.00
# Visual Studio 15
VisualStudioVersion = 15.0.28307.1000
MinimumVisualStudioVersion = 10.0.40219.1
Project("{930C7802-8A8C-48F9-8165-68863BCCD9DD}") = "Diascan.Agent.Installer", "Installer\Diascan.Agent.Installer.wixproj", "{10E6DAED-588D-4E3C-9292-DAD58B14689A}"
EndProject
Project("{2150E333-8FDC-42A3-9474-1A3956D46DE8}") = "Test", "Test", "{057B873F-ECFE-4A28-BA7B-2EBEE2B42CDF}"
EndProject
Project("{FAE04EC0-301F-11D3-BF4B-00C04F79EFBC}") = "BenchmarkHashes", "Test\BenchmarkHashes\BenchmarkHashes.csproj", "{BD527A9B-EB42-4D76-AC3D-A53F1B2260E1}"
EndProject
Project("{FAE04EC0-301F-11D3-BF4B-00C04F79EFBC}") = "Diascan.Agent.Manager", "Diascan.Agent.Manager\Diascan.Agent.Manager.csproj", "{A7FA9D98-D661-4AA8-8651-8FCE8CDD5A61}"
EndProject
Project("{FAE04EC0-301F-11D3-BF4B-00C04F79EFBC}") = "Diascan.Agent.CalcDiagDataLossTask", "Diascan.Agent.CalcDiagDataLossTask\Diascan.Agent.CalcDiagDataLossTask.csproj", "{003138EB-6830-4854-AA95-2777903385AA}"
EndProject
Project("{FAE04EC0-301F-11D3-BF4B-00C04F79EFBC}") = "Diascan.Agent.ClientApp", "Diascan.Agent.ClientApp\Diascan.Agent.ClientApp.csproj", "{825886C9-1AB7-428D-9AFC-0AEEFB98882E}"
EndProject
Project("{FAE04EC0-301F-11D3-BF4B-00C04F79EFBC}") = "Diascan.Agent.DataBaseAgentAccess", "Diascan.Agent.DataAccess\Diascan.Agent.DataBaseAgentAccess.csproj", "{C866AA36-4008-4A2C-99C2-2FE2897E5C6C}"
EndProject
Project("{FAE04EC0-301F-11D3-BF4B-00C04F79EFBC}") = "TestInsertJsonDBAgent", "Test\InsertJsonDBAgent\TestInsertJsonDBAgent.csproj", "{11AF4B11-705A-4CC0-844A-B94E71BA7CB5}"
EndProject
Project("{FAE04EC0-301F-11D3-BF4B-00C04F79EFBC}") = "DiCore.Lib.NDT.DiagnosticData", "..\..\..\..\DiCore.Libs\Dev\DiCore.Lib.NDT.DiagnosticData\DiCore.Lib.NDT.DiagnosticData.csproj", "{24EA0C0C-EC0F-4179-A25E-6D495E02CE8D}"
EndProject
Project("{FAE04EC0-301F-11D3-BF4B-00C04F79EFBC}") = "DiCore.Lib.NDT.Types", "..\..\..\..\DiCore.Libs\Dev\DiCore.Lib.NDT.Types\DiCore.Lib.NDT.Types.csproj", "{6E4319B6-3BB9-42C9-B776-8ECCC27DF3F0}"
EndProject
Project("{FAE04EC0-301F-11D3-BF4B-00C04F79EFBC}") = "DiCore.Lib.NDT.CoordinateProvider", "..\..\..\..\DiCore.Libs\Dev\DiCore.Lib.NDT.CoordinateProvider\DiCore.Lib.NDT.CoordinateProvider.csproj", "{3662B27F-D3F7-4D8D-99C6-3412130112E2}"
EndProject
Project("{FAE04EC0-301F-11D3-BF4B-00C04F79EFBC}") = "DiCore.Lib.NDT.Carrier", "..\..\..\..\DiCore.Libs\Dev\DiCore.Lib.NDT.Carrier\DiCore.Lib.NDT.Carrier.csproj", "{566C5D6D-D52A-4CAF-B7A8-A8912D31A0A3}"
EndProject
Project("{FAE04EC0-301F-11D3-BF4B-00C04F79EFBC}") = "DiCore.Lib.NDT.DataProviders", "..\..\..\..\DiCore.Libs\Dev\DiCore.Lib.NDT.DataProviders\DiCore.Lib.NDT.DataProviders.csproj", "{DC26C1E7-4F52-4190-AACC-1FBB2F0559FB}"
EndProject
Project("{2150E333-8FDC-42A3-9474-1A3956D46DE8}") = "ExtProjects", "ExtProjects", "{1A06D71E-408A-4952-8931-510D259DBA6E}"
EndProject
Project("{FAE04EC0-301F-11D3-BF4B-00C04F79EFBC}") = "Diascan.Agent.DirectoryDataModel", "Diascan.Agent.DirectoryDataModel\Diascan.Agent.DirectoryDataModel.csproj", "{F023DB6C-2BD4-4927-8979-09DF0EC3670B}"
EndProject
Project("{FAE04EC0-301F-11D3-BF4B-00C04F79EFBC}") = "Diascan.Agent.Logger", "Diascan.Agent.Logger\Diascan.Agent.Logger.csproj", "{F915E512-4B20-401D-848B-C1ECCFC72A53}"
EndProject
Project("{FAE04EC0-301F-11D3-BF4B-00C04F79EFBC}") = "Diascan.Agent.Server.WebApi", "Diascan.Agent.Server.WebApi\Diascan.Agent.Server.WebApi.csproj", "{2771B579-245B-485E-BD84-8F27C9CFCBA5}"
EndProject
Project("{FAE04EC0-301F-11D3-BF4B-00C04F79EFBC}") = "Diascan.Agent.WebProject", "Diascan.Agent.WebProject\Diascan.Agent.WebProject.csproj", "{A45CAFE0-D2D3-471D-AC30-BB5A25A66C2F}"
EndProject
Project("{FAE04EC0-301F-11D3-BF4B-00C04F79EFBC}") = "ExcelToLiteDB", "ExcelToLiteDB\ExcelToLiteDB.csproj", "{5F99F60F-0CDC-4C01-AD94-977D79485FBE}"
EndProject
Project("{FAE04EC0-301F-11D3-BF4B-00C04F79EFBC}") = "Diascan.Agent.SharingEvents", "Diascan.Agent.SharingEvents\Diascan.Agent.SharingEvents.csproj", "{394F72C9-2176-4757-B714-C031735D86E4}"
EndProject
Project("{FAE04EC0-301F-11D3-BF4B-00C04F79EFBC}") = "Diascan.Agent.ErrorHandler", "Diascan.Agent.ErrorHandler\Diascan.Agent.ErrorHandler.csproj", "{34913DEA-CFED-4400-AD4C-0F1259DEFC35}"
EndProject
Project("{2150E333-8FDC-42A3-9474-1A3956D46DE8}") = "Solution Items", "Solution Items", "{EC1925C0-C01C-441A-B4C3-543E65CBF055}"
	ProjectSection(SolutionItems) = preProject
		.editorconfig = .editorconfig
	EndProjectSection
EndProject
Project("{9A19103F-16F7-4668-BE54-9A1E7A4F7556}") = "Standart.Hash.xxHash", "Standart.Hash.xxHash\Standart.Hash.xxHash.csproj", "{FBF65361-EA22-4E06-94DF-4D01D8272DE4}"
EndProject
Project("{FAE04EC0-301F-11D3-BF4B-00C04F79EFBC}") = "Diascan.Agent.TaskManager", "Diascan.Agent.TaskManager\Diascan.Agent.TaskManager.csproj", "{E4E1F499-42A5-406F-AF6C-7C8A5095779C}"
EndProject
Project("{FAE04EC0-301F-11D3-BF4B-00C04F79EFBC}") = "Diascan.Agent.FuzzySearch", "Diascan.Agent.FuzzySearch\Diascan.Agent.FuzzySearch.csproj", "{D3D3D4DB-4475-4BAF-8EF1-2E7524854053}"
EndProject
Project("{FAE04EC0-301F-11D3-BF4B-00C04F79EFBC}") = "Deserialize", "Deserialize\Deserialize.csproj", "{99AFCC20-4364-4DC9-A9BF-3244BA4C3FC3}"
EndProject
Project("{FAE04EC0-301F-11D3-BF4B-00C04F79EFBC}") = "Diascan.Agent.LiteDbAccess", "Diascan.Agent.LiteDbAccess\Diascan.Agent.LiteDbAccess.csproj", "{D202FEBE-5462-4CD8-8D4A-C31CCA94C837}"
EndProject
Project("{FAE04EC0-301F-11D3-BF4B-00C04F79EFBC}") = "Diascan.Agent.AnalysisManager", "Diascan.Agent.AnalysisManager\Diascan.Agent.AnalysisManager.csproj", "{08EDA784-B99C-4C17-B87A-A84D59A22EEE}"
EndProject
Project("{FAE04EC0-301F-11D3-BF4B-00C04F79EFBC}") = "Diascan.Agent.Types", "Diascan.Agent.Types\Diascan.Agent.Types.csproj", "{8E58EB4C-1DA4-45B0-B976-3E3F6634A485}"
EndProject
Project("{FAE04EC0-301F-11D3-BF4B-00C04F79EFBC}") = "SupperAnalizator", "SupperAnalizator\SupperAnalizator.csproj", "{692706E9-03AB-4909-9E71-5E93706DF380}"
EndProject
Project("{9A19103F-16F7-4668-BE54-9A1E7A4F7556}") = "DirectoriesDataRecovering", "DirectoriesDataRecovering\DirectoriesDataRecovering.csproj", "{A52189C2-2FA4-48A6-B5CD-80F1EB793A12}"
EndProject
Project("{FAE04EC0-301F-11D3-BF4B-00C04F79EFBC}") = "DataBaseMigration", "DataBaseMigration\DataBaseMigration.csproj", "{EF9FD52B-9A38-4804-81F4-0AC652F1F8C6}"
EndProject
Global
	GlobalSection(SolutionConfigurationPlatforms) = preSolution
		Debug|Any CPU = Debug|Any CPU
		Debug|x64 = Debug|x64
		Debug|x86 = Debug|x86
		NugetPublish|Any CPU = NugetPublish|Any CPU
		NugetPublish|x64 = NugetPublish|x64
		NugetPublish|x86 = NugetPublish|x86
		Release|Any CPU = Release|Any CPU
		Release|x64 = Release|x64
		Release|x86 = Release|x86
	EndGlobalSection
	GlobalSection(ProjectConfigurationPlatforms) = postSolution
		{10E6DAED-588D-4E3C-9292-DAD58B14689A}.Debug|Any CPU.ActiveCfg = Debug|x64
		{10E6DAED-588D-4E3C-9292-DAD58B14689A}.Debug|x64.ActiveCfg = Debug|x64
		{10E6DAED-588D-4E3C-9292-DAD58B14689A}.Debug|x64.Build.0 = Debug|x64
		{10E6DAED-588D-4E3C-9292-DAD58B14689A}.Debug|x86.ActiveCfg = Debug|x64
		{10E6DAED-588D-4E3C-9292-DAD58B14689A}.NugetPublish|Any CPU.ActiveCfg = Release|x64
		{10E6DAED-588D-4E3C-9292-DAD58B14689A}.NugetPublish|Any CPU.Build.0 = Release|x64
		{10E6DAED-588D-4E3C-9292-DAD58B14689A}.NugetPublish|x64.ActiveCfg = Release|x64
		{10E6DAED-588D-4E3C-9292-DAD58B14689A}.NugetPublish|x64.Build.0 = Release|x64
		{10E6DAED-588D-4E3C-9292-DAD58B14689A}.NugetPublish|x86.ActiveCfg = Release|x64
		{10E6DAED-588D-4E3C-9292-DAD58B14689A}.NugetPublish|x86.Build.0 = Release|x64
		{10E6DAED-588D-4E3C-9292-DAD58B14689A}.Release|Any CPU.ActiveCfg = Release|x64
		{10E6DAED-588D-4E3C-9292-DAD58B14689A}.Release|x64.ActiveCfg = Release|x64
		{10E6DAED-588D-4E3C-9292-DAD58B14689A}.Release|x64.Build.0 = Release|x64
		{10E6DAED-588D-4E3C-9292-DAD58B14689A}.Release|x86.ActiveCfg = Release|x64
		{BD527A9B-EB42-4D76-AC3D-A53F1B2260E1}.Debug|Any CPU.ActiveCfg = Debug|Any CPU
		{BD527A9B-EB42-4D76-AC3D-A53F1B2260E1}.Debug|Any CPU.Build.0 = Debug|Any CPU
		{BD527A9B-EB42-4D76-AC3D-A53F1B2260E1}.Debug|x64.ActiveCfg = Debug|Any CPU
		{BD527A9B-EB42-4D76-AC3D-A53F1B2260E1}.Debug|x64.Build.0 = Debug|Any CPU
		{BD527A9B-EB42-4D76-AC3D-A53F1B2260E1}.Debug|x86.ActiveCfg = Debug|Any CPU
		{BD527A9B-EB42-4D76-AC3D-A53F1B2260E1}.Debug|x86.Build.0 = Debug|Any CPU
		{BD527A9B-EB42-4D76-AC3D-A53F1B2260E1}.NugetPublish|Any CPU.ActiveCfg = Release|Any CPU
		{BD527A9B-EB42-4D76-AC3D-A53F1B2260E1}.NugetPublish|Any CPU.Build.0 = Release|Any CPU
		{BD527A9B-EB42-4D76-AC3D-A53F1B2260E1}.NugetPublish|x64.ActiveCfg = Release|Any CPU
		{BD527A9B-EB42-4D76-AC3D-A53F1B2260E1}.NugetPublish|x64.Build.0 = Release|Any CPU
		{BD527A9B-EB42-4D76-AC3D-A53F1B2260E1}.NugetPublish|x86.ActiveCfg = Release|Any CPU
		{BD527A9B-EB42-4D76-AC3D-A53F1B2260E1}.NugetPublish|x86.Build.0 = Release|Any CPU
		{BD527A9B-EB42-4D76-AC3D-A53F1B2260E1}.Release|Any CPU.ActiveCfg = Release|Any CPU
		{BD527A9B-EB42-4D76-AC3D-A53F1B2260E1}.Release|Any CPU.Build.0 = Release|Any CPU
		{BD527A9B-EB42-4D76-AC3D-A53F1B2260E1}.Release|x64.ActiveCfg = Release|Any CPU
		{BD527A9B-EB42-4D76-AC3D-A53F1B2260E1}.Release|x64.Build.0 = Release|Any CPU
		{BD527A9B-EB42-4D76-AC3D-A53F1B2260E1}.Release|x86.ActiveCfg = Release|Any CPU
		{BD527A9B-EB42-4D76-AC3D-A53F1B2260E1}.Release|x86.Build.0 = Release|Any CPU
		{A7FA9D98-D661-4AA8-8651-8FCE8CDD5A61}.Debug|Any CPU.ActiveCfg = Debug|Any CPU
		{A7FA9D98-D661-4AA8-8651-8FCE8CDD5A61}.Debug|Any CPU.Build.0 = Debug|Any CPU
		{A7FA9D98-D661-4AA8-8651-8FCE8CDD5A61}.Debug|x64.ActiveCfg = Debug|x64
		{A7FA9D98-D661-4AA8-8651-8FCE8CDD5A61}.Debug|x64.Build.0 = Debug|x64
		{A7FA9D98-D661-4AA8-8651-8FCE8CDD5A61}.Debug|x86.ActiveCfg = Debug|Any CPU
		{A7FA9D98-D661-4AA8-8651-8FCE8CDD5A61}.Debug|x86.Build.0 = Debug|Any CPU
		{A7FA9D98-D661-4AA8-8651-8FCE8CDD5A61}.NugetPublish|Any CPU.ActiveCfg = Release|Any CPU
		{A7FA9D98-D661-4AA8-8651-8FCE8CDD5A61}.NugetPublish|Any CPU.Build.0 = Release|Any CPU
		{A7FA9D98-D661-4AA8-8651-8FCE8CDD5A61}.NugetPublish|x64.ActiveCfg = Release|Any CPU
		{A7FA9D98-D661-4AA8-8651-8FCE8CDD5A61}.NugetPublish|x64.Build.0 = Release|Any CPU
		{A7FA9D98-D661-4AA8-8651-8FCE8CDD5A61}.NugetPublish|x86.ActiveCfg = Release|Any CPU
		{A7FA9D98-D661-4AA8-8651-8FCE8CDD5A61}.NugetPublish|x86.Build.0 = Release|Any CPU
		{A7FA9D98-D661-4AA8-8651-8FCE8CDD5A61}.Release|Any CPU.ActiveCfg = Release|Any CPU
		{A7FA9D98-D661-4AA8-8651-8FCE8CDD5A61}.Release|Any CPU.Build.0 = Release|Any CPU
		{A7FA9D98-D661-4AA8-8651-8FCE8CDD5A61}.Release|x64.ActiveCfg = Release|x64
		{A7FA9D98-D661-4AA8-8651-8FCE8CDD5A61}.Release|x64.Build.0 = Release|x64
		{A7FA9D98-D661-4AA8-8651-8FCE8CDD5A61}.Release|x86.ActiveCfg = Release|Any CPU
		{A7FA9D98-D661-4AA8-8651-8FCE8CDD5A61}.Release|x86.Build.0 = Release|Any CPU
		{003138EB-6830-4854-AA95-2777903385AA}.Debug|Any CPU.ActiveCfg = Debug|Any CPU
		{003138EB-6830-4854-AA95-2777903385AA}.Debug|Any CPU.Build.0 = Debug|Any CPU
		{003138EB-6830-4854-AA95-2777903385AA}.Debug|x64.ActiveCfg = Debug|x64
		{003138EB-6830-4854-AA95-2777903385AA}.Debug|x64.Build.0 = Debug|x64
		{003138EB-6830-4854-AA95-2777903385AA}.Debug|x86.ActiveCfg = Debug|Any CPU
		{003138EB-6830-4854-AA95-2777903385AA}.Debug|x86.Build.0 = Debug|Any CPU
		{003138EB-6830-4854-AA95-2777903385AA}.NugetPublish|Any CPU.ActiveCfg = Release|Any CPU
		{003138EB-6830-4854-AA95-2777903385AA}.NugetPublish|Any CPU.Build.0 = Release|Any CPU
		{003138EB-6830-4854-AA95-2777903385AA}.NugetPublish|x64.ActiveCfg = Release|Any CPU
		{003138EB-6830-4854-AA95-2777903385AA}.NugetPublish|x64.Build.0 = Release|Any CPU
		{003138EB-6830-4854-AA95-2777903385AA}.NugetPublish|x86.ActiveCfg = Release|Any CPU
		{003138EB-6830-4854-AA95-2777903385AA}.NugetPublish|x86.Build.0 = Release|Any CPU
		{003138EB-6830-4854-AA95-2777903385AA}.Release|Any CPU.ActiveCfg = Release|Any CPU
		{003138EB-6830-4854-AA95-2777903385AA}.Release|Any CPU.Build.0 = Release|Any CPU
		{003138EB-6830-4854-AA95-2777903385AA}.Release|x64.ActiveCfg = Release|x64
		{003138EB-6830-4854-AA95-2777903385AA}.Release|x64.Build.0 = Release|x64
		{003138EB-6830-4854-AA95-2777903385AA}.Release|x86.ActiveCfg = Release|Any CPU
		{003138EB-6830-4854-AA95-2777903385AA}.Release|x86.Build.0 = Release|Any CPU
		{825886C9-1AB7-428D-9AFC-0AEEFB98882E}.Debug|Any CPU.ActiveCfg = Debug|Any CPU
		{825886C9-1AB7-428D-9AFC-0AEEFB98882E}.Debug|Any CPU.Build.0 = Debug|Any CPU
		{825886C9-1AB7-428D-9AFC-0AEEFB98882E}.Debug|x64.ActiveCfg = Debug|x64
		{825886C9-1AB7-428D-9AFC-0AEEFB98882E}.Debug|x64.Build.0 = Debug|x64
		{825886C9-1AB7-428D-9AFC-0AEEFB98882E}.Debug|x86.ActiveCfg = Debug|Any CPU
		{825886C9-1AB7-428D-9AFC-0AEEFB98882E}.Debug|x86.Build.0 = Debug|Any CPU
		{825886C9-1AB7-428D-9AFC-0AEEFB98882E}.NugetPublish|Any CPU.ActiveCfg = Release|Any CPU
		{825886C9-1AB7-428D-9AFC-0AEEFB98882E}.NugetPublish|Any CPU.Build.0 = Release|Any CPU
		{825886C9-1AB7-428D-9AFC-0AEEFB98882E}.NugetPublish|x64.ActiveCfg = Release|Any CPU
		{825886C9-1AB7-428D-9AFC-0AEEFB98882E}.NugetPublish|x64.Build.0 = Release|Any CPU
		{825886C9-1AB7-428D-9AFC-0AEEFB98882E}.NugetPublish|x86.ActiveCfg = Release|Any CPU
		{825886C9-1AB7-428D-9AFC-0AEEFB98882E}.NugetPublish|x86.Build.0 = Release|Any CPU
		{825886C9-1AB7-428D-9AFC-0AEEFB98882E}.Release|Any CPU.ActiveCfg = Release|Any CPU
		{825886C9-1AB7-428D-9AFC-0AEEFB98882E}.Release|Any CPU.Build.0 = Release|Any CPU
		{825886C9-1AB7-428D-9AFC-0AEEFB98882E}.Release|x64.ActiveCfg = Release|x64
		{825886C9-1AB7-428D-9AFC-0AEEFB98882E}.Release|x64.Build.0 = Release|x64
		{825886C9-1AB7-428D-9AFC-0AEEFB98882E}.Release|x86.ActiveCfg = Release|Any CPU
		{825886C9-1AB7-428D-9AFC-0AEEFB98882E}.Release|x86.Build.0 = Release|Any CPU
		{C866AA36-4008-4A2C-99C2-2FE2897E5C6C}.Debug|Any CPU.ActiveCfg = Debug|Any CPU
		{C866AA36-4008-4A2C-99C2-2FE2897E5C6C}.Debug|Any CPU.Build.0 = Debug|Any CPU
		{C866AA36-4008-4A2C-99C2-2FE2897E5C6C}.Debug|x64.ActiveCfg = Debug|Any CPU
		{C866AA36-4008-4A2C-99C2-2FE2897E5C6C}.Debug|x64.Build.0 = Debug|Any CPU
		{C866AA36-4008-4A2C-99C2-2FE2897E5C6C}.Debug|x86.ActiveCfg = Debug|Any CPU
		{C866AA36-4008-4A2C-99C2-2FE2897E5C6C}.Debug|x86.Build.0 = Debug|Any CPU
		{C866AA36-4008-4A2C-99C2-2FE2897E5C6C}.NugetPublish|Any CPU.ActiveCfg = Release|Any CPU
		{C866AA36-4008-4A2C-99C2-2FE2897E5C6C}.NugetPublish|Any CPU.Build.0 = Release|Any CPU
		{C866AA36-4008-4A2C-99C2-2FE2897E5C6C}.NugetPublish|x64.ActiveCfg = Release|Any CPU
		{C866AA36-4008-4A2C-99C2-2FE2897E5C6C}.NugetPublish|x64.Build.0 = Release|Any CPU
		{C866AA36-4008-4A2C-99C2-2FE2897E5C6C}.NugetPublish|x86.ActiveCfg = Release|Any CPU
		{C866AA36-4008-4A2C-99C2-2FE2897E5C6C}.NugetPublish|x86.Build.0 = Release|Any CPU
		{C866AA36-4008-4A2C-99C2-2FE2897E5C6C}.Release|Any CPU.ActiveCfg = Release|Any CPU
		{C866AA36-4008-4A2C-99C2-2FE2897E5C6C}.Release|Any CPU.Build.0 = Release|Any CPU
		{C866AA36-4008-4A2C-99C2-2FE2897E5C6C}.Release|x64.ActiveCfg = Release|Any CPU
		{C866AA36-4008-4A2C-99C2-2FE2897E5C6C}.Release|x64.Build.0 = Release|Any CPU
		{C866AA36-4008-4A2C-99C2-2FE2897E5C6C}.Release|x86.ActiveCfg = Release|Any CPU
		{C866AA36-4008-4A2C-99C2-2FE2897E5C6C}.Release|x86.Build.0 = Release|Any CPU
		{11AF4B11-705A-4CC0-844A-B94E71BA7CB5}.Debug|Any CPU.ActiveCfg = Debug|Any CPU
		{11AF4B11-705A-4CC0-844A-B94E71BA7CB5}.Debug|Any CPU.Build.0 = Debug|Any CPU
		{11AF4B11-705A-4CC0-844A-B94E71BA7CB5}.Debug|x64.ActiveCfg = Debug|Any CPU
		{11AF4B11-705A-4CC0-844A-B94E71BA7CB5}.Debug|x64.Build.0 = Debug|Any CPU
		{11AF4B11-705A-4CC0-844A-B94E71BA7CB5}.Debug|x86.ActiveCfg = Debug|Any CPU
		{11AF4B11-705A-4CC0-844A-B94E71BA7CB5}.Debug|x86.Build.0 = Debug|Any CPU
		{11AF4B11-705A-4CC0-844A-B94E71BA7CB5}.NugetPublish|Any CPU.ActiveCfg = Release|Any CPU
		{11AF4B11-705A-4CC0-844A-B94E71BA7CB5}.NugetPublish|Any CPU.Build.0 = Release|Any CPU
		{11AF4B11-705A-4CC0-844A-B94E71BA7CB5}.NugetPublish|x64.ActiveCfg = Release|Any CPU
		{11AF4B11-705A-4CC0-844A-B94E71BA7CB5}.NugetPublish|x64.Build.0 = Release|Any CPU
		{11AF4B11-705A-4CC0-844A-B94E71BA7CB5}.NugetPublish|x86.ActiveCfg = Release|Any CPU
		{11AF4B11-705A-4CC0-844A-B94E71BA7CB5}.NugetPublish|x86.Build.0 = Release|Any CPU
		{11AF4B11-705A-4CC0-844A-B94E71BA7CB5}.Release|Any CPU.ActiveCfg = Release|Any CPU
		{11AF4B11-705A-4CC0-844A-B94E71BA7CB5}.Release|Any CPU.Build.0 = Release|Any CPU
		{11AF4B11-705A-4CC0-844A-B94E71BA7CB5}.Release|x64.ActiveCfg = Release|Any CPU
		{11AF4B11-705A-4CC0-844A-B94E71BA7CB5}.Release|x64.Build.0 = Release|Any CPU
		{11AF4B11-705A-4CC0-844A-B94E71BA7CB5}.Release|x86.ActiveCfg = Release|Any CPU
		{11AF4B11-705A-4CC0-844A-B94E71BA7CB5}.Release|x86.Build.0 = Release|Any CPU
		{24EA0C0C-EC0F-4179-A25E-6D495E02CE8D}.Debug|Any CPU.ActiveCfg = Debug|Any CPU
		{24EA0C0C-EC0F-4179-A25E-6D495E02CE8D}.Debug|Any CPU.Build.0 = Debug|Any CPU
		{24EA0C0C-EC0F-4179-A25E-6D495E02CE8D}.Debug|x64.ActiveCfg = Debug|x64
		{24EA0C0C-EC0F-4179-A25E-6D495E02CE8D}.Debug|x64.Build.0 = Debug|x64
		{24EA0C0C-EC0F-4179-A25E-6D495E02CE8D}.Debug|x86.ActiveCfg = Debug|Any CPU
		{24EA0C0C-EC0F-4179-A25E-6D495E02CE8D}.Debug|x86.Build.0 = Debug|Any CPU
		{24EA0C0C-EC0F-4179-A25E-6D495E02CE8D}.NugetPublish|Any CPU.ActiveCfg = NugetPublish|Any CPU
		{24EA0C0C-EC0F-4179-A25E-6D495E02CE8D}.NugetPublish|Any CPU.Build.0 = NugetPublish|Any CPU
		{24EA0C0C-EC0F-4179-A25E-6D495E02CE8D}.NugetPublish|x64.ActiveCfg = NugetPublish|Any CPU
		{24EA0C0C-EC0F-4179-A25E-6D495E02CE8D}.NugetPublish|x64.Build.0 = NugetPublish|Any CPU
		{24EA0C0C-EC0F-4179-A25E-6D495E02CE8D}.NugetPublish|x86.ActiveCfg = NugetPublish|Any CPU
		{24EA0C0C-EC0F-4179-A25E-6D495E02CE8D}.NugetPublish|x86.Build.0 = NugetPublish|Any CPU
		{24EA0C0C-EC0F-4179-A25E-6D495E02CE8D}.Release|Any CPU.ActiveCfg = Release|Any CPU
		{24EA0C0C-EC0F-4179-A25E-6D495E02CE8D}.Release|Any CPU.Build.0 = Release|Any CPU
		{24EA0C0C-EC0F-4179-A25E-6D495E02CE8D}.Release|x64.ActiveCfg = Release|x64
		{24EA0C0C-EC0F-4179-A25E-6D495E02CE8D}.Release|x64.Build.0 = Release|x64
		{24EA0C0C-EC0F-4179-A25E-6D495E02CE8D}.Release|x86.ActiveCfg = Release|Any CPU
		{24EA0C0C-EC0F-4179-A25E-6D495E02CE8D}.Release|x86.Build.0 = Release|Any CPU
		{6E4319B6-3BB9-42C9-B776-8ECCC27DF3F0}.Debug|Any CPU.ActiveCfg = Debug|Any CPU
		{6E4319B6-3BB9-42C9-B776-8ECCC27DF3F0}.Debug|Any CPU.Build.0 = Debug|Any CPU
		{6E4319B6-3BB9-42C9-B776-8ECCC27DF3F0}.Debug|x64.ActiveCfg = Debug|x64
		{6E4319B6-3BB9-42C9-B776-8ECCC27DF3F0}.Debug|x64.Build.0 = Debug|x64
		{6E4319B6-3BB9-42C9-B776-8ECCC27DF3F0}.Debug|x86.ActiveCfg = Debug|Any CPU
		{6E4319B6-3BB9-42C9-B776-8ECCC27DF3F0}.Debug|x86.Build.0 = Debug|Any CPU
		{6E4319B6-3BB9-42C9-B776-8ECCC27DF3F0}.NugetPublish|Any CPU.ActiveCfg = NugetPublish|Any CPU
		{6E4319B6-3BB9-42C9-B776-8ECCC27DF3F0}.NugetPublish|Any CPU.Build.0 = NugetPublish|Any CPU
		{6E4319B6-3BB9-42C9-B776-8ECCC27DF3F0}.NugetPublish|x64.ActiveCfg = NugetPublish|Any CPU
		{6E4319B6-3BB9-42C9-B776-8ECCC27DF3F0}.NugetPublish|x64.Build.0 = NugetPublish|Any CPU
		{6E4319B6-3BB9-42C9-B776-8ECCC27DF3F0}.NugetPublish|x86.ActiveCfg = NugetPublish|Any CPU
		{6E4319B6-3BB9-42C9-B776-8ECCC27DF3F0}.NugetPublish|x86.Build.0 = NugetPublish|Any CPU
		{6E4319B6-3BB9-42C9-B776-8ECCC27DF3F0}.Release|Any CPU.ActiveCfg = Release|Any CPU
		{6E4319B6-3BB9-42C9-B776-8ECCC27DF3F0}.Release|Any CPU.Build.0 = Release|Any CPU
		{6E4319B6-3BB9-42C9-B776-8ECCC27DF3F0}.Release|x64.ActiveCfg = Release|x64
		{6E4319B6-3BB9-42C9-B776-8ECCC27DF3F0}.Release|x64.Build.0 = Release|x64
		{6E4319B6-3BB9-42C9-B776-8ECCC27DF3F0}.Release|x86.ActiveCfg = Release|Any CPU
		{6E4319B6-3BB9-42C9-B776-8ECCC27DF3F0}.Release|x86.Build.0 = Release|Any CPU
		{3662B27F-D3F7-4D8D-99C6-3412130112E2}.Debug|Any CPU.ActiveCfg = Debug|Any CPU
		{3662B27F-D3F7-4D8D-99C6-3412130112E2}.Debug|Any CPU.Build.0 = Debug|Any CPU
		{3662B27F-D3F7-4D8D-99C6-3412130112E2}.Debug|x64.ActiveCfg = Debug|x64
		{3662B27F-D3F7-4D8D-99C6-3412130112E2}.Debug|x64.Build.0 = Debug|x64
		{3662B27F-D3F7-4D8D-99C6-3412130112E2}.Debug|x86.ActiveCfg = Debug|Any CPU
		{3662B27F-D3F7-4D8D-99C6-3412130112E2}.Debug|x86.Build.0 = Debug|Any CPU
		{3662B27F-D3F7-4D8D-99C6-3412130112E2}.NugetPublish|Any CPU.ActiveCfg = NugetPublish|Any CPU
		{3662B27F-D3F7-4D8D-99C6-3412130112E2}.NugetPublish|Any CPU.Build.0 = NugetPublish|Any CPU
		{3662B27F-D3F7-4D8D-99C6-3412130112E2}.NugetPublish|x64.ActiveCfg = NugetPublish|Any CPU
		{3662B27F-D3F7-4D8D-99C6-3412130112E2}.NugetPublish|x64.Build.0 = NugetPublish|Any CPU
		{3662B27F-D3F7-4D8D-99C6-3412130112E2}.NugetPublish|x86.ActiveCfg = NugetPublish|Any CPU
		{3662B27F-D3F7-4D8D-99C6-3412130112E2}.NugetPublish|x86.Build.0 = NugetPublish|Any CPU
		{3662B27F-D3F7-4D8D-99C6-3412130112E2}.Release|Any CPU.ActiveCfg = Release|Any CPU
		{3662B27F-D3F7-4D8D-99C6-3412130112E2}.Release|Any CPU.Build.0 = Release|Any CPU
		{3662B27F-D3F7-4D8D-99C6-3412130112E2}.Release|x64.ActiveCfg = Release|x64
		{3662B27F-D3F7-4D8D-99C6-3412130112E2}.Release|x64.Build.0 = Release|x64
		{3662B27F-D3F7-4D8D-99C6-3412130112E2}.Release|x86.ActiveCfg = Release|Any CPU
		{3662B27F-D3F7-4D8D-99C6-3412130112E2}.Release|x86.Build.0 = Release|Any CPU
		{566C5D6D-D52A-4CAF-B7A8-A8912D31A0A3}.Debug|Any CPU.ActiveCfg = Debug|Any CPU
		{566C5D6D-D52A-4CAF-B7A8-A8912D31A0A3}.Debug|Any CPU.Build.0 = Debug|Any CPU
		{566C5D6D-D52A-4CAF-B7A8-A8912D31A0A3}.Debug|x64.ActiveCfg = Debug|x64
		{566C5D6D-D52A-4CAF-B7A8-A8912D31A0A3}.Debug|x64.Build.0 = Debug|x64
		{566C5D6D-D52A-4CAF-B7A8-A8912D31A0A3}.Debug|x86.ActiveCfg = Debug|Any CPU
		{566C5D6D-D52A-4CAF-B7A8-A8912D31A0A3}.Debug|x86.Build.0 = Debug|Any CPU
		{566C5D6D-D52A-4CAF-B7A8-A8912D31A0A3}.NugetPublish|Any CPU.ActiveCfg = NugetPublish|Any CPU
		{566C5D6D-D52A-4CAF-B7A8-A8912D31A0A3}.NugetPublish|Any CPU.Build.0 = NugetPublish|Any CPU
		{566C5D6D-D52A-4CAF-B7A8-A8912D31A0A3}.NugetPublish|x64.ActiveCfg = NugetPublish|Any CPU
		{566C5D6D-D52A-4CAF-B7A8-A8912D31A0A3}.NugetPublish|x64.Build.0 = NugetPublish|Any CPU
		{566C5D6D-D52A-4CAF-B7A8-A8912D31A0A3}.NugetPublish|x86.ActiveCfg = NugetPublish|Any CPU
		{566C5D6D-D52A-4CAF-B7A8-A8912D31A0A3}.NugetPublish|x86.Build.0 = NugetPublish|Any CPU
		{566C5D6D-D52A-4CAF-B7A8-A8912D31A0A3}.Release|Any CPU.ActiveCfg = Release|Any CPU
		{566C5D6D-D52A-4CAF-B7A8-A8912D31A0A3}.Release|Any CPU.Build.0 = Release|Any CPU
		{566C5D6D-D52A-4CAF-B7A8-A8912D31A0A3}.Release|x64.ActiveCfg = Release|x64
		{566C5D6D-D52A-4CAF-B7A8-A8912D31A0A3}.Release|x64.Build.0 = Release|x64
		{566C5D6D-D52A-4CAF-B7A8-A8912D31A0A3}.Release|x86.ActiveCfg = Release|Any CPU
		{566C5D6D-D52A-4CAF-B7A8-A8912D31A0A3}.Release|x86.Build.0 = Release|Any CPU
		{DC26C1E7-4F52-4190-AACC-1FBB2F0559FB}.Debug|Any CPU.ActiveCfg = Debug|Any CPU
		{DC26C1E7-4F52-4190-AACC-1FBB2F0559FB}.Debug|Any CPU.Build.0 = Debug|Any CPU
		{DC26C1E7-4F52-4190-AACC-1FBB2F0559FB}.Debug|x64.ActiveCfg = Debug|x64
		{DC26C1E7-4F52-4190-AACC-1FBB2F0559FB}.Debug|x64.Build.0 = Debug|x64
		{DC26C1E7-4F52-4190-AACC-1FBB2F0559FB}.Debug|x86.ActiveCfg = Debug|Any CPU
		{DC26C1E7-4F52-4190-AACC-1FBB2F0559FB}.Debug|x86.Build.0 = Debug|Any CPU
		{DC26C1E7-4F52-4190-AACC-1FBB2F0559FB}.NugetPublish|Any CPU.ActiveCfg = NugetPublish|Any CPU
		{DC26C1E7-4F52-4190-AACC-1FBB2F0559FB}.NugetPublish|Any CPU.Build.0 = NugetPublish|Any CPU
		{DC26C1E7-4F52-4190-AACC-1FBB2F0559FB}.NugetPublish|x64.ActiveCfg = NugetPublish|Any CPU
		{DC26C1E7-4F52-4190-AACC-1FBB2F0559FB}.NugetPublish|x64.Build.0 = NugetPublish|Any CPU
		{DC26C1E7-4F52-4190-AACC-1FBB2F0559FB}.NugetPublish|x86.ActiveCfg = NugetPublish|Any CPU
		{DC26C1E7-4F52-4190-AACC-1FBB2F0559FB}.NugetPublish|x86.Build.0 = NugetPublish|Any CPU
		{DC26C1E7-4F52-4190-AACC-1FBB2F0559FB}.Release|Any CPU.ActiveCfg = Release|Any CPU
		{DC26C1E7-4F52-4190-AACC-1FBB2F0559FB}.Release|Any CPU.Build.0 = Release|Any CPU
		{DC26C1E7-4F52-4190-AACC-1FBB2F0559FB}.Release|x64.ActiveCfg = Release|x64
		{DC26C1E7-4F52-4190-AACC-1FBB2F0559FB}.Release|x64.Build.0 = Release|x64
		{DC26C1E7-4F52-4190-AACC-1FBB2F0559FB}.Release|x86.ActiveCfg = Release|Any CPU
		{DC26C1E7-4F52-4190-AACC-1FBB2F0559FB}.Release|x86.Build.0 = Release|Any CPU
		{F023DB6C-2BD4-4927-8979-09DF0EC3670B}.Debug|Any CPU.ActiveCfg = Debug|Any CPU
		{F023DB6C-2BD4-4927-8979-09DF0EC3670B}.Debug|Any CPU.Build.0 = Debug|Any CPU
		{F023DB6C-2BD4-4927-8979-09DF0EC3670B}.Debug|x64.ActiveCfg = Debug|x64
		{F023DB6C-2BD4-4927-8979-09DF0EC3670B}.Debug|x64.Build.0 = Debug|x64
		{F023DB6C-2BD4-4927-8979-09DF0EC3670B}.Debug|x86.ActiveCfg = Debug|Any CPU
		{F023DB6C-2BD4-4927-8979-09DF0EC3670B}.Debug|x86.Build.0 = Debug|Any CPU
		{F023DB6C-2BD4-4927-8979-09DF0EC3670B}.NugetPublish|Any CPU.ActiveCfg = Release|Any CPU
		{F023DB6C-2BD4-4927-8979-09DF0EC3670B}.NugetPublish|Any CPU.Build.0 = Release|Any CPU
		{F023DB6C-2BD4-4927-8979-09DF0EC3670B}.NugetPublish|x64.ActiveCfg = Release|Any CPU
		{F023DB6C-2BD4-4927-8979-09DF0EC3670B}.NugetPublish|x64.Build.0 = Release|Any CPU
		{F023DB6C-2BD4-4927-8979-09DF0EC3670B}.NugetPublish|x86.ActiveCfg = Release|Any CPU
		{F023DB6C-2BD4-4927-8979-09DF0EC3670B}.NugetPublish|x86.Build.0 = Release|Any CPU
		{F023DB6C-2BD4-4927-8979-09DF0EC3670B}.Release|Any CPU.ActiveCfg = Release|Any CPU
		{F023DB6C-2BD4-4927-8979-09DF0EC3670B}.Release|Any CPU.Build.0 = Release|Any CPU
		{F023DB6C-2BD4-4927-8979-09DF0EC3670B}.Release|x64.ActiveCfg = Release|x64
		{F023DB6C-2BD4-4927-8979-09DF0EC3670B}.Release|x64.Build.0 = Release|x64
		{F023DB6C-2BD4-4927-8979-09DF0EC3670B}.Release|x86.ActiveCfg = Release|Any CPU
		{F023DB6C-2BD4-4927-8979-09DF0EC3670B}.Release|x86.Build.0 = Release|Any CPU
		{F915E512-4B20-401D-848B-C1ECCFC72A53}.Debug|Any CPU.ActiveCfg = Debug|Any CPU
		{F915E512-4B20-401D-848B-C1ECCFC72A53}.Debug|Any CPU.Build.0 = Debug|Any CPU
		{F915E512-4B20-401D-848B-C1ECCFC72A53}.Debug|x64.ActiveCfg = Debug|x64
		{F915E512-4B20-401D-848B-C1ECCFC72A53}.Debug|x64.Build.0 = Debug|x64
		{F915E512-4B20-401D-848B-C1ECCFC72A53}.Debug|x86.ActiveCfg = Debug|Any CPU
		{F915E512-4B20-401D-848B-C1ECCFC72A53}.Debug|x86.Build.0 = Debug|Any CPU
		{F915E512-4B20-401D-848B-C1ECCFC72A53}.NugetPublish|Any CPU.ActiveCfg = Release|Any CPU
		{F915E512-4B20-401D-848B-C1ECCFC72A53}.NugetPublish|Any CPU.Build.0 = Release|Any CPU
		{F915E512-4B20-401D-848B-C1ECCFC72A53}.NugetPublish|x64.ActiveCfg = Release|Any CPU
		{F915E512-4B20-401D-848B-C1ECCFC72A53}.NugetPublish|x64.Build.0 = Release|Any CPU
		{F915E512-4B20-401D-848B-C1ECCFC72A53}.NugetPublish|x86.ActiveCfg = Release|Any CPU
		{F915E512-4B20-401D-848B-C1ECCFC72A53}.NugetPublish|x86.Build.0 = Release|Any CPU
		{F915E512-4B20-401D-848B-C1ECCFC72A53}.Release|Any CPU.ActiveCfg = Release|Any CPU
		{F915E512-4B20-401D-848B-C1ECCFC72A53}.Release|Any CPU.Build.0 = Release|Any CPU
		{F915E512-4B20-401D-848B-C1ECCFC72A53}.Release|x64.ActiveCfg = Release|x64
		{F915E512-4B20-401D-848B-C1ECCFC72A53}.Release|x64.Build.0 = Release|x64
		{F915E512-4B20-401D-848B-C1ECCFC72A53}.Release|x86.ActiveCfg = Release|Any CPU
		{F915E512-4B20-401D-848B-C1ECCFC72A53}.Release|x86.Build.0 = Release|Any CPU
		{2771B579-245B-485E-BD84-8F27C9CFCBA5}.Debug|Any CPU.ActiveCfg = Debug|Any CPU
		{2771B579-245B-485E-BD84-8F27C9CFCBA5}.Debug|Any CPU.Build.0 = Debug|Any CPU
		{2771B579-245B-485E-BD84-8F27C9CFCBA5}.Debug|x64.ActiveCfg = Debug|Any CPU
		{2771B579-245B-485E-BD84-8F27C9CFCBA5}.Debug|x64.Build.0 = Debug|Any CPU
		{2771B579-245B-485E-BD84-8F27C9CFCBA5}.Debug|x86.ActiveCfg = Debug|Any CPU
		{2771B579-245B-485E-BD84-8F27C9CFCBA5}.Debug|x86.Build.0 = Debug|Any CPU
		{2771B579-245B-485E-BD84-8F27C9CFCBA5}.NugetPublish|Any CPU.ActiveCfg = Release|Any CPU
		{2771B579-245B-485E-BD84-8F27C9CFCBA5}.NugetPublish|Any CPU.Build.0 = Release|Any CPU
		{2771B579-245B-485E-BD84-8F27C9CFCBA5}.NugetPublish|x64.ActiveCfg = Release|Any CPU
		{2771B579-245B-485E-BD84-8F27C9CFCBA5}.NugetPublish|x64.Build.0 = Release|Any CPU
		{2771B579-245B-485E-BD84-8F27C9CFCBA5}.NugetPublish|x86.ActiveCfg = Release|Any CPU
		{2771B579-245B-485E-BD84-8F27C9CFCBA5}.NugetPublish|x86.Build.0 = Release|Any CPU
		{2771B579-245B-485E-BD84-8F27C9CFCBA5}.Release|Any CPU.ActiveCfg = Release|Any CPU
		{2771B579-245B-485E-BD84-8F27C9CFCBA5}.Release|Any CPU.Build.0 = Release|Any CPU
		{2771B579-245B-485E-BD84-8F27C9CFCBA5}.Release|x64.ActiveCfg = Release|Any CPU
		{2771B579-245B-485E-BD84-8F27C9CFCBA5}.Release|x64.Build.0 = Release|Any CPU
		{2771B579-245B-485E-BD84-8F27C9CFCBA5}.Release|x86.ActiveCfg = Release|Any CPU
		{2771B579-245B-485E-BD84-8F27C9CFCBA5}.Release|x86.Build.0 = Release|Any CPU
		{A45CAFE0-D2D3-471D-AC30-BB5A25A66C2F}.Debug|Any CPU.ActiveCfg = Debug|Any CPU
		{A45CAFE0-D2D3-471D-AC30-BB5A25A66C2F}.Debug|Any CPU.Build.0 = Debug|Any CPU
		{A45CAFE0-D2D3-471D-AC30-BB5A25A66C2F}.Debug|x64.ActiveCfg = Debug|Any CPU
		{A45CAFE0-D2D3-471D-AC30-BB5A25A66C2F}.Debug|x64.Build.0 = Debug|Any CPU
		{A45CAFE0-D2D3-471D-AC30-BB5A25A66C2F}.Debug|x86.ActiveCfg = Debug|Any CPU
		{A45CAFE0-D2D3-471D-AC30-BB5A25A66C2F}.Debug|x86.Build.0 = Debug|Any CPU
		{A45CAFE0-D2D3-471D-AC30-BB5A25A66C2F}.NugetPublish|Any CPU.ActiveCfg = Release|Any CPU
		{A45CAFE0-D2D3-471D-AC30-BB5A25A66C2F}.NugetPublish|Any CPU.Build.0 = Release|Any CPU
		{A45CAFE0-D2D3-471D-AC30-BB5A25A66C2F}.NugetPublish|x64.ActiveCfg = Release|Any CPU
		{A45CAFE0-D2D3-471D-AC30-BB5A25A66C2F}.NugetPublish|x64.Build.0 = Release|Any CPU
		{A45CAFE0-D2D3-471D-AC30-BB5A25A66C2F}.NugetPublish|x86.ActiveCfg = Release|Any CPU
		{A45CAFE0-D2D3-471D-AC30-BB5A25A66C2F}.NugetPublish|x86.Build.0 = Release|Any CPU
		{A45CAFE0-D2D3-471D-AC30-BB5A25A66C2F}.Release|Any CPU.ActiveCfg = Release|Any CPU
		{A45CAFE0-D2D3-471D-AC30-BB5A25A66C2F}.Release|Any CPU.Build.0 = Release|Any CPU
		{A45CAFE0-D2D3-471D-AC30-BB5A25A66C2F}.Release|x64.ActiveCfg = Release|Any CPU
		{A45CAFE0-D2D3-471D-AC30-BB5A25A66C2F}.Release|x64.Build.0 = Release|Any CPU
		{A45CAFE0-D2D3-471D-AC30-BB5A25A66C2F}.Release|x86.ActiveCfg = Release|Any CPU
		{A45CAFE0-D2D3-471D-AC30-BB5A25A66C2F}.Release|x86.Build.0 = Release|Any CPU
		{5F99F60F-0CDC-4C01-AD94-977D79485FBE}.Debug|Any CPU.ActiveCfg = Debug|Any CPU
		{5F99F60F-0CDC-4C01-AD94-977D79485FBE}.Debug|Any CPU.Build.0 = Debug|Any CPU
		{5F99F60F-0CDC-4C01-AD94-977D79485FBE}.Debug|x64.ActiveCfg = Debug|Any CPU
		{5F99F60F-0CDC-4C01-AD94-977D79485FBE}.Debug|x64.Build.0 = Debug|Any CPU
		{5F99F60F-0CDC-4C01-AD94-977D79485FBE}.Debug|x86.ActiveCfg = Debug|Any CPU
		{5F99F60F-0CDC-4C01-AD94-977D79485FBE}.Debug|x86.Build.0 = Debug|Any CPU
		{5F99F60F-0CDC-4C01-AD94-977D79485FBE}.NugetPublish|Any CPU.ActiveCfg = Release|Any CPU
		{5F99F60F-0CDC-4C01-AD94-977D79485FBE}.NugetPublish|Any CPU.Build.0 = Release|Any CPU
		{5F99F60F-0CDC-4C01-AD94-977D79485FBE}.NugetPublish|x64.ActiveCfg = Release|Any CPU
		{5F99F60F-0CDC-4C01-AD94-977D79485FBE}.NugetPublish|x64.Build.0 = Release|Any CPU
		{5F99F60F-0CDC-4C01-AD94-977D79485FBE}.NugetPublish|x86.ActiveCfg = Release|Any CPU
		{5F99F60F-0CDC-4C01-AD94-977D79485FBE}.NugetPublish|x86.Build.0 = Release|Any CPU
		{5F99F60F-0CDC-4C01-AD94-977D79485FBE}.Release|Any CPU.ActiveCfg = Release|Any CPU
		{5F99F60F-0CDC-4C01-AD94-977D79485FBE}.Release|Any CPU.Build.0 = Release|Any CPU
		{5F99F60F-0CDC-4C01-AD94-977D79485FBE}.Release|x64.ActiveCfg = Release|Any CPU
		{5F99F60F-0CDC-4C01-AD94-977D79485FBE}.Release|x64.Build.0 = Release|Any CPU
		{5F99F60F-0CDC-4C01-AD94-977D79485FBE}.Release|x86.ActiveCfg = Release|Any CPU
		{5F99F60F-0CDC-4C01-AD94-977D79485FBE}.Release|x86.Build.0 = Release|Any CPU
		{394F72C9-2176-4757-B714-C031735D86E4}.Debug|Any CPU.ActiveCfg = Debug|Any CPU
		{394F72C9-2176-4757-B714-C031735D86E4}.Debug|Any CPU.Build.0 = Debug|Any CPU
		{394F72C9-2176-4757-B714-C031735D86E4}.Debug|x64.ActiveCfg = Debug|x64
		{394F72C9-2176-4757-B714-C031735D86E4}.Debug|x64.Build.0 = Debug|x64
		{394F72C9-2176-4757-B714-C031735D86E4}.Debug|x86.ActiveCfg = Debug|Any CPU
		{394F72C9-2176-4757-B714-C031735D86E4}.Debug|x86.Build.0 = Debug|Any CPU
		{394F72C9-2176-4757-B714-C031735D86E4}.NugetPublish|Any CPU.ActiveCfg = Release|Any CPU
		{394F72C9-2176-4757-B714-C031735D86E4}.NugetPublish|Any CPU.Build.0 = Release|Any CPU
		{394F72C9-2176-4757-B714-C031735D86E4}.NugetPublish|x64.ActiveCfg = Release|Any CPU
		{394F72C9-2176-4757-B714-C031735D86E4}.NugetPublish|x64.Build.0 = Release|Any CPU
		{394F72C9-2176-4757-B714-C031735D86E4}.NugetPublish|x86.ActiveCfg = Release|Any CPU
		{394F72C9-2176-4757-B714-C031735D86E4}.NugetPublish|x86.Build.0 = Release|Any CPU
		{394F72C9-2176-4757-B714-C031735D86E4}.Release|Any CPU.ActiveCfg = Release|Any CPU
		{394F72C9-2176-4757-B714-C031735D86E4}.Release|Any CPU.Build.0 = Release|Any CPU
		{394F72C9-2176-4757-B714-C031735D86E4}.Release|x64.ActiveCfg = Release|x64
		{394F72C9-2176-4757-B714-C031735D86E4}.Release|x64.Build.0 = Release|x64
		{394F72C9-2176-4757-B714-C031735D86E4}.Release|x86.ActiveCfg = Release|Any CPU
		{394F72C9-2176-4757-B714-C031735D86E4}.Release|x86.Build.0 = Release|Any CPU
		{34913DEA-CFED-4400-AD4C-0F1259DEFC35}.Debug|Any CPU.ActiveCfg = Debug|Any CPU
		{34913DEA-CFED-4400-AD4C-0F1259DEFC35}.Debug|Any CPU.Build.0 = Debug|Any CPU
		{34913DEA-CFED-4400-AD4C-0F1259DEFC35}.Debug|x64.ActiveCfg = Debug|x64
		{34913DEA-CFED-4400-AD4C-0F1259DEFC35}.Debug|x64.Build.0 = Debug|x64
		{34913DEA-CFED-4400-AD4C-0F1259DEFC35}.Debug|x86.ActiveCfg = Debug|Any CPU
		{34913DEA-CFED-4400-AD4C-0F1259DEFC35}.Debug|x86.Build.0 = Debug|Any CPU
		{34913DEA-CFED-4400-AD4C-0F1259DEFC35}.NugetPublish|Any CPU.ActiveCfg = Release|Any CPU
		{34913DEA-CFED-4400-AD4C-0F1259DEFC35}.NugetPublish|Any CPU.Build.0 = Release|Any CPU
		{34913DEA-CFED-4400-AD4C-0F1259DEFC35}.NugetPublish|x64.ActiveCfg = Release|Any CPU
		{34913DEA-CFED-4400-AD4C-0F1259DEFC35}.NugetPublish|x64.Build.0 = Release|Any CPU
		{34913DEA-CFED-4400-AD4C-0F1259DEFC35}.NugetPublish|x86.ActiveCfg = Release|Any CPU
		{34913DEA-CFED-4400-AD4C-0F1259DEFC35}.NugetPublish|x86.Build.0 = Release|Any CPU
		{34913DEA-CFED-4400-AD4C-0F1259DEFC35}.Release|Any CPU.ActiveCfg = Release|Any CPU
		{34913DEA-CFED-4400-AD4C-0F1259DEFC35}.Release|Any CPU.Build.0 = Release|Any CPU
		{34913DEA-CFED-4400-AD4C-0F1259DEFC35}.Release|x64.ActiveCfg = Release|x64
		{34913DEA-CFED-4400-AD4C-0F1259DEFC35}.Release|x64.Build.0 = Release|x64
		{34913DEA-CFED-4400-AD4C-0F1259DEFC35}.Release|x86.ActiveCfg = Release|Any CPU
		{34913DEA-CFED-4400-AD4C-0F1259DEFC35}.Release|x86.Build.0 = Release|Any CPU
		{FBF65361-EA22-4E06-94DF-4D01D8272DE4}.Debug|Any CPU.ActiveCfg = Debug|Any CPU
		{FBF65361-EA22-4E06-94DF-4D01D8272DE4}.Debug|Any CPU.Build.0 = Debug|Any CPU
		{FBF65361-EA22-4E06-94DF-4D01D8272DE4}.Debug|x64.ActiveCfg = Debug|Any CPU
		{FBF65361-EA22-4E06-94DF-4D01D8272DE4}.Debug|x64.Build.0 = Debug|Any CPU
		{FBF65361-EA22-4E06-94DF-4D01D8272DE4}.Debug|x86.ActiveCfg = Debug|Any CPU
		{FBF65361-EA22-4E06-94DF-4D01D8272DE4}.Debug|x86.Build.0 = Debug|Any CPU
		{FBF65361-EA22-4E06-94DF-4D01D8272DE4}.NugetPublish|Any CPU.ActiveCfg = Debug|Any CPU
		{FBF65361-EA22-4E06-94DF-4D01D8272DE4}.NugetPublish|Any CPU.Build.0 = Debug|Any CPU
		{FBF65361-EA22-4E06-94DF-4D01D8272DE4}.NugetPublish|x64.ActiveCfg = Debug|Any CPU
		{FBF65361-EA22-4E06-94DF-4D01D8272DE4}.NugetPublish|x64.Build.0 = Debug|Any CPU
		{FBF65361-EA22-4E06-94DF-4D01D8272DE4}.NugetPublish|x86.ActiveCfg = Debug|Any CPU
		{FBF65361-EA22-4E06-94DF-4D01D8272DE4}.NugetPublish|x86.Build.0 = Debug|Any CPU
		{FBF65361-EA22-4E06-94DF-4D01D8272DE4}.Release|Any CPU.ActiveCfg = Release|Any CPU
		{FBF65361-EA22-4E06-94DF-4D01D8272DE4}.Release|Any CPU.Build.0 = Release|Any CPU
		{FBF65361-EA22-4E06-94DF-4D01D8272DE4}.Release|x64.ActiveCfg = Release|Any CPU
		{FBF65361-EA22-4E06-94DF-4D01D8272DE4}.Release|x64.Build.0 = Release|Any CPU
		{FBF65361-EA22-4E06-94DF-4D01D8272DE4}.Release|x86.ActiveCfg = Release|Any CPU
		{FBF65361-EA22-4E06-94DF-4D01D8272DE4}.Release|x86.Build.0 = Release|Any CPU
		{E4E1F499-42A5-406F-AF6C-7C8A5095779C}.Debug|Any CPU.ActiveCfg = Debug|Any CPU
		{E4E1F499-42A5-406F-AF6C-7C8A5095779C}.Debug|Any CPU.Build.0 = Debug|Any CPU
		{E4E1F499-42A5-406F-AF6C-7C8A5095779C}.Debug|x64.ActiveCfg = Debug|x64
		{E4E1F499-42A5-406F-AF6C-7C8A5095779C}.Debug|x64.Build.0 = Debug|x64
		{E4E1F499-42A5-406F-AF6C-7C8A5095779C}.Debug|x86.ActiveCfg = Debug|Any CPU
		{E4E1F499-42A5-406F-AF6C-7C8A5095779C}.Debug|x86.Build.0 = Debug|Any CPU
		{E4E1F499-42A5-406F-AF6C-7C8A5095779C}.NugetPublish|Any CPU.ActiveCfg = Release|Any CPU
		{E4E1F499-42A5-406F-AF6C-7C8A5095779C}.NugetPublish|Any CPU.Build.0 = Release|Any CPU
		{E4E1F499-42A5-406F-AF6C-7C8A5095779C}.NugetPublish|x64.ActiveCfg = Release|Any CPU
		{E4E1F499-42A5-406F-AF6C-7C8A5095779C}.NugetPublish|x64.Build.0 = Release|Any CPU
		{E4E1F499-42A5-406F-AF6C-7C8A5095779C}.NugetPublish|x86.ActiveCfg = Release|Any CPU
		{E4E1F499-42A5-406F-AF6C-7C8A5095779C}.NugetPublish|x86.Build.0 = Release|Any CPU
		{E4E1F499-42A5-406F-AF6C-7C8A5095779C}.Release|Any CPU.ActiveCfg = Release|Any CPU
		{E4E1F499-42A5-406F-AF6C-7C8A5095779C}.Release|Any CPU.Build.0 = Release|Any CPU
		{E4E1F499-42A5-406F-AF6C-7C8A5095779C}.Release|x64.ActiveCfg = Release|x64
		{E4E1F499-42A5-406F-AF6C-7C8A5095779C}.Release|x64.Build.0 = Release|x64
		{E4E1F499-42A5-406F-AF6C-7C8A5095779C}.Release|x86.ActiveCfg = Release|Any CPU
		{E4E1F499-42A5-406F-AF6C-7C8A5095779C}.Release|x86.Build.0 = Release|Any CPU
		{D3D3D4DB-4475-4BAF-8EF1-2E7524854053}.Debug|Any CPU.ActiveCfg = Debug|Any CPU
		{D3D3D4DB-4475-4BAF-8EF1-2E7524854053}.Debug|Any CPU.Build.0 = Debug|Any CPU
		{D3D3D4DB-4475-4BAF-8EF1-2E7524854053}.Debug|x64.ActiveCfg = Debug|x64
		{D3D3D4DB-4475-4BAF-8EF1-2E7524854053}.Debug|x64.Build.0 = Debug|x64
		{D3D3D4DB-4475-4BAF-8EF1-2E7524854053}.Debug|x86.ActiveCfg = Debug|Any CPU
		{D3D3D4DB-4475-4BAF-8EF1-2E7524854053}.Debug|x86.Build.0 = Debug|Any CPU
		{D3D3D4DB-4475-4BAF-8EF1-2E7524854053}.NugetPublish|Any CPU.ActiveCfg = Release|Any CPU
		{D3D3D4DB-4475-4BAF-8EF1-2E7524854053}.NugetPublish|Any CPU.Build.0 = Release|Any CPU
		{D3D3D4DB-4475-4BAF-8EF1-2E7524854053}.NugetPublish|x64.ActiveCfg = Release|Any CPU
		{D3D3D4DB-4475-4BAF-8EF1-2E7524854053}.NugetPublish|x64.Build.0 = Release|Any CPU
		{D3D3D4DB-4475-4BAF-8EF1-2E7524854053}.NugetPublish|x86.ActiveCfg = Release|Any CPU
		{D3D3D4DB-4475-4BAF-8EF1-2E7524854053}.NugetPublish|x86.Build.0 = Release|Any CPU
		{D3D3D4DB-4475-4BAF-8EF1-2E7524854053}.Release|Any CPU.ActiveCfg = Release|Any CPU
		{D3D3D4DB-4475-4BAF-8EF1-2E7524854053}.Release|Any CPU.Build.0 = Release|Any CPU
		{D3D3D4DB-4475-4BAF-8EF1-2E7524854053}.Release|x64.ActiveCfg = Release|x64
		{D3D3D4DB-4475-4BAF-8EF1-2E7524854053}.Release|x64.Build.0 = Release|x64
		{D3D3D4DB-4475-4BAF-8EF1-2E7524854053}.Release|x86.ActiveCfg = Release|Any CPU
		{D3D3D4DB-4475-4BAF-8EF1-2E7524854053}.Release|x86.Build.0 = Release|Any CPU
		{99AFCC20-4364-4DC9-A9BF-3244BA4C3FC3}.Debug|Any CPU.ActiveCfg = Debug|Any CPU
		{99AFCC20-4364-4DC9-A9BF-3244BA4C3FC3}.Debug|Any CPU.Build.0 = Debug|Any CPU
		{99AFCC20-4364-4DC9-A9BF-3244BA4C3FC3}.Debug|x64.ActiveCfg = Debug|Any CPU
		{99AFCC20-4364-4DC9-A9BF-3244BA4C3FC3}.Debug|x64.Build.0 = Debug|Any CPU
		{99AFCC20-4364-4DC9-A9BF-3244BA4C3FC3}.Debug|x86.ActiveCfg = Debug|Any CPU
		{99AFCC20-4364-4DC9-A9BF-3244BA4C3FC3}.Debug|x86.Build.0 = Debug|Any CPU
		{99AFCC20-4364-4DC9-A9BF-3244BA4C3FC3}.NugetPublish|Any CPU.ActiveCfg = Release|Any CPU
		{99AFCC20-4364-4DC9-A9BF-3244BA4C3FC3}.NugetPublish|Any CPU.Build.0 = Release|Any CPU
		{99AFCC20-4364-4DC9-A9BF-3244BA4C3FC3}.NugetPublish|x64.ActiveCfg = Release|Any CPU
		{99AFCC20-4364-4DC9-A9BF-3244BA4C3FC3}.NugetPublish|x64.Build.0 = Release|Any CPU
		{99AFCC20-4364-4DC9-A9BF-3244BA4C3FC3}.NugetPublish|x86.ActiveCfg = Release|Any CPU
		{99AFCC20-4364-4DC9-A9BF-3244BA4C3FC3}.NugetPublish|x86.Build.0 = Release|Any CPU
		{99AFCC20-4364-4DC9-A9BF-3244BA4C3FC3}.Release|Any CPU.ActiveCfg = Release|Any CPU
		{99AFCC20-4364-4DC9-A9BF-3244BA4C3FC3}.Release|Any CPU.Build.0 = Release|Any CPU
		{99AFCC20-4364-4DC9-A9BF-3244BA4C3FC3}.Release|x64.ActiveCfg = Release|Any CPU
		{99AFCC20-4364-4DC9-A9BF-3244BA4C3FC3}.Release|x64.Build.0 = Release|Any CPU
		{99AFCC20-4364-4DC9-A9BF-3244BA4C3FC3}.Release|x86.ActiveCfg = Release|Any CPU
		{99AFCC20-4364-4DC9-A9BF-3244BA4C3FC3}.Release|x86.Build.0 = Release|Any CPU
		{D202FEBE-5462-4CD8-8D4A-C31CCA94C837}.Debug|Any CPU.ActiveCfg = Debug|Any CPU
		{D202FEBE-5462-4CD8-8D4A-C31CCA94C837}.Debug|Any CPU.Build.0 = Debug|Any CPU
		{D202FEBE-5462-4CD8-8D4A-C31CCA94C837}.Debug|x64.ActiveCfg = Debug|x64
		{D202FEBE-5462-4CD8-8D4A-C31CCA94C837}.Debug|x64.Build.0 = Debug|x64
		{D202FEBE-5462-4CD8-8D4A-C31CCA94C837}.Debug|x86.ActiveCfg = Debug|Any CPU
		{D202FEBE-5462-4CD8-8D4A-C31CCA94C837}.Debug|x86.Build.0 = Debug|Any CPU
		{D202FEBE-5462-4CD8-8D4A-C31CCA94C837}.NugetPublish|Any CPU.ActiveCfg = Release|Any CPU
		{D202FEBE-5462-4CD8-8D4A-C31CCA94C837}.NugetPublish|Any CPU.Build.0 = Release|Any CPU
		{D202FEBE-5462-4CD8-8D4A-C31CCA94C837}.NugetPublish|x64.ActiveCfg = Release|Any CPU
		{D202FEBE-5462-4CD8-8D4A-C31CCA94C837}.NugetPublish|x64.Build.0 = Release|Any CPU
		{D202FEBE-5462-4CD8-8D4A-C31CCA94C837}.NugetPublish|x86.ActiveCfg = Release|Any CPU
		{D202FEBE-5462-4CD8-8D4A-C31CCA94C837}.NugetPublish|x86.Build.0 = Release|Any CPU
		{D202FEBE-5462-4CD8-8D4A-C31CCA94C837}.Release|Any CPU.ActiveCfg = Release|Any CPU
		{D202FEBE-5462-4CD8-8D4A-C31CCA94C837}.Release|Any CPU.Build.0 = Release|Any CPU
		{D202FEBE-5462-4CD8-8D4A-C31CCA94C837}.Release|x64.ActiveCfg = Release|x64
		{D202FEBE-5462-4CD8-8D4A-C31CCA94C837}.Release|x64.Build.0 = Release|x64
		{D202FEBE-5462-4CD8-8D4A-C31CCA94C837}.Release|x86.ActiveCfg = Release|Any CPU
		{D202FEBE-5462-4CD8-8D4A-C31CCA94C837}.Release|x86.Build.0 = Release|Any CPU
		{08EDA784-B99C-4C17-B87A-A84D59A22EEE}.Debug|Any CPU.ActiveCfg = Debug|Any CPU
		{08EDA784-B99C-4C17-B87A-A84D59A22EEE}.Debug|Any CPU.Build.0 = Debug|Any CPU
		{08EDA784-B99C-4C17-B87A-A84D59A22EEE}.Debug|x64.ActiveCfg = Debug|x64
		{08EDA784-B99C-4C17-B87A-A84D59A22EEE}.Debug|x64.Build.0 = Debug|x64
		{08EDA784-B99C-4C17-B87A-A84D59A22EEE}.Debug|x86.ActiveCfg = Debug|Any CPU
		{08EDA784-B99C-4C17-B87A-A84D59A22EEE}.Debug|x86.Build.0 = Debug|Any CPU
		{08EDA784-B99C-4C17-B87A-A84D59A22EEE}.NugetPublish|Any CPU.ActiveCfg = Release|Any CPU
		{08EDA784-B99C-4C17-B87A-A84D59A22EEE}.NugetPublish|Any CPU.Build.0 = Release|Any CPU
		{08EDA784-B99C-4C17-B87A-A84D59A22EEE}.NugetPublish|x64.ActiveCfg = Release|Any CPU
		{08EDA784-B99C-4C17-B87A-A84D59A22EEE}.NugetPublish|x64.Build.0 = Release|Any CPU
		{08EDA784-B99C-4C17-B87A-A84D59A22EEE}.NugetPublish|x86.ActiveCfg = Release|Any CPU
		{08EDA784-B99C-4C17-B87A-A84D59A22EEE}.NugetPublish|x86.Build.0 = Release|Any CPU
		{08EDA784-B99C-4C17-B87A-A84D59A22EEE}.Release|Any CPU.ActiveCfg = Release|Any CPU
		{08EDA784-B99C-4C17-B87A-A84D59A22EEE}.Release|Any CPU.Build.0 = Release|Any CPU
		{08EDA784-B99C-4C17-B87A-A84D59A22EEE}.Release|x64.ActiveCfg = Release|x64
		{08EDA784-B99C-4C17-B87A-A84D59A22EEE}.Release|x64.Build.0 = Release|x64
		{08EDA784-B99C-4C17-B87A-A84D59A22EEE}.Release|x86.ActiveCfg = Release|Any CPU
		{08EDA784-B99C-4C17-B87A-A84D59A22EEE}.Release|x86.Build.0 = Release|Any CPU
		{8E58EB4C-1DA4-45B0-B976-3E3F6634A485}.Debug|Any CPU.ActiveCfg = Debug|Any CPU
		{8E58EB4C-1DA4-45B0-B976-3E3F6634A485}.Debug|Any CPU.Build.0 = Debug|Any CPU
		{8E58EB4C-1DA4-45B0-B976-3E3F6634A485}.Debug|x64.ActiveCfg = Debug|x64
		{8E58EB4C-1DA4-45B0-B976-3E3F6634A485}.Debug|x64.Build.0 = Debug|x64
		{8E58EB4C-1DA4-45B0-B976-3E3F6634A485}.Debug|x86.ActiveCfg = Debug|Any CPU
		{8E58EB4C-1DA4-45B0-B976-3E3F6634A485}.Debug|x86.Build.0 = Debug|Any CPU
		{8E58EB4C-1DA4-45B0-B976-3E3F6634A485}.NugetPublish|Any CPU.ActiveCfg = Release|Any CPU
		{8E58EB4C-1DA4-45B0-B976-3E3F6634A485}.NugetPublish|Any CPU.Build.0 = Release|Any CPU
		{8E58EB4C-1DA4-45B0-B976-3E3F6634A485}.NugetPublish|x64.ActiveCfg = Release|Any CPU
		{8E58EB4C-1DA4-45B0-B976-3E3F6634A485}.NugetPublish|x64.Build.0 = Release|Any CPU
		{8E58EB4C-1DA4-45B0-B976-3E3F6634A485}.NugetPublish|x86.ActiveCfg = Release|Any CPU
		{8E58EB4C-1DA4-45B0-B976-3E3F6634A485}.NugetPublish|x86.Build.0 = Release|Any CPU
		{8E58EB4C-1DA4-45B0-B976-3E3F6634A485}.Release|Any CPU.ActiveCfg = Release|Any CPU
		{8E58EB4C-1DA4-45B0-B976-3E3F6634A485}.Release|Any CPU.Build.0 = Release|Any CPU
		{8E58EB4C-1DA4-45B0-B976-3E3F6634A485}.Release|x64.ActiveCfg = Release|x64
		{8E58EB4C-1DA4-45B0-B976-3E3F6634A485}.Release|x64.Build.0 = Release|x64
		{8E58EB4C-1DA4-45B0-B976-3E3F6634A485}.Release|x86.ActiveCfg = Release|Any CPU
		{8E58EB4C-1DA4-45B0-B976-3E3F6634A485}.Release|x86.Build.0 = Release|Any CPU
		{692706E9-03AB-4909-9E71-5E93706DF380}.Debug|Any CPU.ActiveCfg = Debug|Any CPU
		{692706E9-03AB-4909-9E71-5E93706DF380}.Debug|Any CPU.Build.0 = Debug|Any CPU
		{692706E9-03AB-4909-9E71-5E93706DF380}.Debug|x64.ActiveCfg = Debug|Any CPU
		{692706E9-03AB-4909-9E71-5E93706DF380}.Debug|x64.Build.0 = Debug|Any CPU
		{692706E9-03AB-4909-9E71-5E93706DF380}.Debug|x86.ActiveCfg = Debug|Any CPU
		{692706E9-03AB-4909-9E71-5E93706DF380}.Debug|x86.Build.0 = Debug|Any CPU
		{692706E9-03AB-4909-9E71-5E93706DF380}.NugetPublish|Any CPU.ActiveCfg = Release|Any CPU
		{692706E9-03AB-4909-9E71-5E93706DF380}.NugetPublish|Any CPU.Build.0 = Release|Any CPU
		{692706E9-03AB-4909-9E71-5E93706DF380}.NugetPublish|x64.ActiveCfg = Release|Any CPU
		{692706E9-03AB-4909-9E71-5E93706DF380}.NugetPublish|x64.Build.0 = Release|Any CPU
		{692706E9-03AB-4909-9E71-5E93706DF380}.NugetPublish|x86.ActiveCfg = Release|Any CPU
		{692706E9-03AB-4909-9E71-5E93706DF380}.NugetPublish|x86.Build.0 = Release|Any CPU
		{692706E9-03AB-4909-9E71-5E93706DF380}.Release|Any CPU.ActiveCfg = Release|Any CPU
		{692706E9-03AB-4909-9E71-5E93706DF380}.Release|Any CPU.Build.0 = Release|Any CPU
		{692706E9-03AB-4909-9E71-5E93706DF380}.Release|x64.ActiveCfg = Release|Any CPU
		{692706E9-03AB-4909-9E71-5E93706DF380}.Release|x64.Build.0 = Release|Any CPU
		{692706E9-03AB-4909-9E71-5E93706DF380}.Release|x86.ActiveCfg = Release|Any CPU
		{692706E9-03AB-4909-9E71-5E93706DF380}.Release|x86.Build.0 = Release|Any CPU
		{A52189C2-2FA4-48A6-B5CD-80F1EB793A12}.Debug|Any CPU.ActiveCfg = Debug|Any CPU
		{A52189C2-2FA4-48A6-B5CD-80F1EB793A12}.Debug|Any CPU.Build.0 = Debug|Any CPU
		{A52189C2-2FA4-48A6-B5CD-80F1EB793A12}.Debug|x64.ActiveCfg = Debug|Any CPU
		{A52189C2-2FA4-48A6-B5CD-80F1EB793A12}.Debug|x64.Build.0 = Debug|Any CPU
		{A52189C2-2FA4-48A6-B5CD-80F1EB793A12}.Debug|x86.ActiveCfg = Debug|Any CPU
		{A52189C2-2FA4-48A6-B5CD-80F1EB793A12}.Debug|x86.Build.0 = Debug|Any CPU
		{A52189C2-2FA4-48A6-B5CD-80F1EB793A12}.NugetPublish|Any CPU.ActiveCfg = Debug|Any CPU
		{A52189C2-2FA4-48A6-B5CD-80F1EB793A12}.NugetPublish|Any CPU.Build.0 = Debug|Any CPU
		{A52189C2-2FA4-48A6-B5CD-80F1EB793A12}.NugetPublish|x64.ActiveCfg = Debug|Any CPU
		{A52189C2-2FA4-48A6-B5CD-80F1EB793A12}.NugetPublish|x64.Build.0 = Debug|Any CPU
		{A52189C2-2FA4-48A6-B5CD-80F1EB793A12}.NugetPublish|x86.ActiveCfg = Debug|Any CPU
		{A52189C2-2FA4-48A6-B5CD-80F1EB793A12}.NugetPublish|x86.Build.0 = Debug|Any CPU
		{A52189C2-2FA4-48A6-B5CD-80F1EB793A12}.Release|Any CPU.ActiveCfg = Release|Any CPU
		{A52189C2-2FA4-48A6-B5CD-80F1EB793A12}.Release|Any CPU.Build.0 = Release|Any CPU
		{A52189C2-2FA4-48A6-B5CD-80F1EB793A12}.Release|x64.ActiveCfg = Release|Any CPU
		{A52189C2-2FA4-48A6-B5CD-80F1EB793A12}.Release|x64.Build.0 = Release|Any CPU
		{A52189C2-2FA4-48A6-B5CD-80F1EB793A12}.Release|x86.ActiveCfg = Release|Any CPU
		{A52189C2-2FA4-48A6-B5CD-80F1EB793A12}.Release|x86.Build.0 = Release|Any CPU
		{EF9FD52B-9A38-4804-81F4-0AC652F1F8C6}.Debug|Any CPU.ActiveCfg = Debug|Any CPU
		{EF9FD52B-9A38-4804-81F4-0AC652F1F8C6}.Debug|Any CPU.Build.0 = Debug|Any CPU
		{EF9FD52B-9A38-4804-81F4-0AC652F1F8C6}.Debug|x64.ActiveCfg = Debug|Any CPU
		{EF9FD52B-9A38-4804-81F4-0AC652F1F8C6}.Debug|x64.Build.0 = Debug|Any CPU
		{EF9FD52B-9A38-4804-81F4-0AC652F1F8C6}.Debug|x86.ActiveCfg = Debug|Any CPU
		{EF9FD52B-9A38-4804-81F4-0AC652F1F8C6}.Debug|x86.Build.0 = Debug|Any CPU
		{EF9FD52B-9A38-4804-81F4-0AC652F1F8C6}.NugetPublish|Any CPU.ActiveCfg = Release|Any CPU
		{EF9FD52B-9A38-4804-81F4-0AC652F1F8C6}.NugetPublish|Any CPU.Build.0 = Release|Any CPU
		{EF9FD52B-9A38-4804-81F4-0AC652F1F8C6}.NugetPublish|x64.ActiveCfg = Release|Any CPU
		{EF9FD52B-9A38-4804-81F4-0AC652F1F8C6}.NugetPublish|x64.Build.0 = Release|Any CPU
		{EF9FD52B-9A38-4804-81F4-0AC652F1F8C6}.NugetPublish|x86.ActiveCfg = Release|Any CPU
		{EF9FD52B-9A38-4804-81F4-0AC652F1F8C6}.NugetPublish|x86.Build.0 = Release|Any CPU
		{EF9FD52B-9A38-4804-81F4-0AC652F1F8C6}.Release|Any CPU.ActiveCfg = Release|Any CPU
		{EF9FD52B-9A38-4804-81F4-0AC652F1F8C6}.Release|Any CPU.Build.0 = Release|Any CPU
		{EF9FD52B-9A38-4804-81F4-0AC652F1F8C6}.Release|x64.ActiveCfg = Release|Any CPU
		{EF9FD52B-9A38-4804-81F4-0AC652F1F8C6}.Release|x64.Build.0 = Release|Any CPU
		{EF9FD52B-9A38-4804-81F4-0AC652F1F8C6}.Release|x86.ActiveCfg = Release|Any CPU
		{EF9FD52B-9A38-4804-81F4-0AC652F1F8C6}.Release|x86.Build.0 = Release|Any CPU
	EndGlobalSection
	GlobalSection(SolutionProperties) = preSolution
		HideSolutionNode = FALSE
	EndGlobalSection
	GlobalSection(NestedProjects) = preSolution
		{BD527A9B-EB42-4D76-AC3D-A53F1B2260E1} = {057B873F-ECFE-4A28-BA7B-2EBEE2B42CDF}
		{11AF4B11-705A-4CC0-844A-B94E71BA7CB5} = {057B873F-ECFE-4A28-BA7B-2EBEE2B42CDF}
		{24EA0C0C-EC0F-4179-A25E-6D495E02CE8D} = {1A06D71E-408A-4952-8931-510D259DBA6E}
		{6E4319B6-3BB9-42C9-B776-8ECCC27DF3F0} = {1A06D71E-408A-4952-8931-510D259DBA6E}
		{3662B27F-D3F7-4D8D-99C6-3412130112E2} = {1A06D71E-408A-4952-8931-510D259DBA6E}
		{566C5D6D-D52A-4CAF-B7A8-A8912D31A0A3} = {1A06D71E-408A-4952-8931-510D259DBA6E}
		{DC26C1E7-4F52-4190-AACC-1FBB2F0559FB} = {1A06D71E-408A-4952-8931-510D259DBA6E}
		{5F99F60F-0CDC-4C01-AD94-977D79485FBE} = {057B873F-ECFE-4A28-BA7B-2EBEE2B42CDF}
		{692706E9-03AB-4909-9E71-5E93706DF380} = {057B873F-ECFE-4A28-BA7B-2EBEE2B42CDF}
		{A52189C2-2FA4-48A6-B5CD-80F1EB793A12} = {057B873F-ECFE-4A28-BA7B-2EBEE2B42CDF}
		{EF9FD52B-9A38-4804-81F4-0AC652F1F8C6} = {057B873F-ECFE-4A28-BA7B-2EBEE2B42CDF}
	EndGlobalSection
	GlobalSection(ExtensibilityGlobals) = postSolution
		SolutionGuid = {0195FB99-152D-4824-B36F-E343924B99EC}
	EndGlobalSection
	GlobalSection(TeamFoundationVersionControl) = preSolution
		SccNumberOfProjects = 30
		SccEnterpriseProvider = {4CA58AB2-18FA-4F8D-95D4-32DDF27D184C}
		SccTeamFoundationServer = https://tfs.ctd.tn.corp/devcollection
		SccLocalPath0 = .
		SccProjectUniqueName1 = Test\\BenchmarkHashes\\BenchmarkHashes.csproj
		SccProjectTopLevelParentUniqueName1 = Agent.sln
		SccProjectName1 = Test/BenchmarkHashes
		SccLocalPath1 = Test\\BenchmarkHashes
		SccProjectUniqueName2 = Diascan.Agent.Manager\\Diascan.Agent.Manager.csproj
		SccProjectName2 = Diascan.Agent.Manager
		SccLocalPath2 = Diascan.Agent.Manager
		SccProjectUniqueName3 = Diascan.Agent.CalcDiagDataLossTask\\Diascan.Agent.CalcDiagDataLossTask.csproj
		SccProjectName3 = Diascan.Agent.CalcDiagDataLossTask
		SccLocalPath3 = Diascan.Agent.CalcDiagDataLossTask
		SccProjectUniqueName4 = Diascan.Agent.ClientApp\\Diascan.Agent.ClientApp.csproj
		SccProjectName4 = Diascan.Agent.ClientApp
		SccLocalPath4 = Diascan.Agent.ClientApp
		SccProjectUniqueName5 = Test\\InsertJsonDBAgent\\TestInsertJsonDBAgent.csproj
		SccProjectTopLevelParentUniqueName5 = Agent.sln
		SccProjectName5 = Test/InsertJsonDBAgent
		SccLocalPath5 = Test\\InsertJsonDBAgent
		SccProjectUniqueName6 = ..\\..\\..\\..\\DiCore.Libs\\Dev\\DiCore.Lib.NDT.DiagnosticData\\DiCore.Lib.NDT.DiagnosticData.csproj
		SccProjectTopLevelParentUniqueName6 = Agent.sln
		SccProjectName6 = ../../../../DiCore.Libs/Dev/DiCore.Lib.NDT.DiagnosticData
		SccLocalPath6 = ..\\..\\..\\..\\DiCore.Libs\\Dev\\DiCore.Lib.NDT.DiagnosticData
		SccProjectUniqueName7 = ..\\..\\..\\..\\DiCore.Libs\\Dev\\DiCore.Lib.NDT.Types\\DiCore.Lib.NDT.Types.csproj
		SccProjectTopLevelParentUniqueName7 = Agent.sln
		SccProjectName7 = ../../../../DiCore.Libs/Dev/DiCore.Lib.NDT.Types
		SccLocalPath7 = ..\\..\\..\\..\\DiCore.Libs\\Dev\\DiCore.Lib.NDT.Types
		SccProjectUniqueName8 = ..\\..\\..\\..\\DiCore.Libs\\Dev\\DiCore.Lib.NDT.CoordinateProvider\\DiCore.Lib.NDT.CoordinateProvider.csproj
		SccProjectTopLevelParentUniqueName8 = Agent.sln
		SccProjectName8 = ../../../../DiCore.Libs/Dev/DiCore.Lib.NDT.CoordinateProvider
		SccLocalPath8 = ..\\..\\..\\..\\DiCore.Libs\\Dev\\DiCore.Lib.NDT.CoordinateProvider
		SccProjectUniqueName9 = ..\\..\\..\\..\\DiCore.Libs\\Dev\\DiCore.Lib.NDT.Carrier\\DiCore.Lib.NDT.Carrier.csproj
		SccProjectTopLevelParentUniqueName9 = Agent.sln
		SccProjectName9 = ../../../../DiCore.Libs/Dev/DiCore.Lib.NDT.Carrier
		SccLocalPath9 = ..\\..\\..\\..\\DiCore.Libs\\Dev\\DiCore.Lib.NDT.Carrier
		SccProjectUniqueName10 = ..\\..\\..\\..\\DiCore.Libs\\Dev\\DiCore.Lib.NDT.DataProviders\\DiCore.Lib.NDT.DataProviders.csproj
		SccProjectTopLevelParentUniqueName10 = Agent.sln
		SccProjectName10 = ../../../../DiCore.Libs/Dev/DiCore.Lib.NDT.DataProviders
		SccLocalPath10 = ..\\..\\..\\..\\DiCore.Libs\\Dev\\DiCore.Lib.NDT.DataProviders
		SccProjectUniqueName11 = Diascan.Agent.DirectoryDataModel\\Diascan.Agent.DirectoryDataModel.csproj
		SccProjectName11 = Diascan.Agent.DirectoryDataModel
		SccLocalPath11 = Diascan.Agent.DirectoryDataModel
		SccProjectUniqueName12 = Diascan.Agent.Logger\\Diascan.Agent.Logger.csproj
		SccProjectName12 = Diascan.Agent.Logger
		SccLocalPath12 = Diascan.Agent.Logger
		SccProjectUniqueName13 = Installer\\Diascan.Agent.Installer.wixproj
		SccProjectName13 = Installer
		SccLocalPath13 = Installer
		SccProjectUniqueName14 = Diascan.Agent.Server.WebApi\\Diascan.Agent.Server.WebApi.csproj
		SccProjectName14 = Diascan.Agent.Server.WebApi
		SccLocalPath14 = Diascan.Agent.Server.WebApi
		SccProjectUniqueName15 = Diascan.Agent.WebProject\\Diascan.Agent.WebProject.csproj
		SccProjectName15 = Diascan.Agent.WebProject
		SccLocalPath15 = Diascan.Agent.WebProject
		SccProjectUniqueName16 = ExcelToLiteDB\\ExcelToLiteDB.csproj
		SccProjectTopLevelParentUniqueName16 = Agent.sln
		SccProjectName16 = ExcelToLiteDB
		SccLocalPath16 = ExcelToLiteDB
		SccProjectUniqueName17 = Diascan.Agent.SharingEvents\\Diascan.Agent.SharingEvents.csproj
		SccProjectName17 = Diascan.Agent.SharingEvents
		SccLocalPath17 = Diascan.Agent.SharingEvents
		SccProjectUniqueName18 = Standart.Hash.xxHash\\Standart.Hash.xxHash.csproj
		SccProjectName18 = Standart.Hash.xxHash
		SccLocalPath18 = Standart.Hash.xxHash
		SccProjectUniqueName19 = Diascan.Agent.TaskManager\\Diascan.Agent.TaskManager.csproj
		SccProjectName19 = Diascan.Agent.TaskManager
		SccLocalPath19 = Diascan.Agent.TaskManager
		SccProjectUniqueName20 = Diascan.Agent.ErrorHandler\\Diascan.Agent.ErrorHandler.csproj
		SccProjectName20 = Diascan.Agent.ErrorHandler
		SccLocalPath20 = Diascan.Agent.ErrorHandler
		SccProjectUniqueName21 = Diascan.Agent.FuzzySearch\\Diascan.Agent.FuzzySearch.csproj
		SccProjectName21 = Diascan.Agent.FuzzySearch
		SccLocalPath21 = Diascan.Agent.FuzzySearch
		SccProjectUniqueName22 = Diascan.Agent.LiteDbAccess\\Diascan.Agent.LiteDbAccess.csproj
		SccProjectName22 = Diascan.Agent.LiteDbAccess
		SccLocalPath22 = Diascan.Agent.LiteDbAccess
		SccProjectUniqueName23 = Diascan.Agent.AnalysisManager\\Diascan.Agent.AnalysisManager.csproj
		SccProjectName23 = Diascan.Agent.AnalysisManager
		SccLocalPath23 = Diascan.Agent.AnalysisManager
		SccProjectUniqueName24 = Diascan.Agent.Types\\Diascan.Agent.Types.csproj
		SccProjectName24 = Diascan.Agent.Types
		SccLocalPath24 = Diascan.Agent.Types
		SccProjectUniqueName25 = SupperAnalizator\\SupperAnalizator.csproj
		SccProjectTopLevelParentUniqueName25 = Agent.sln
		SccProjectName25 = SupperAnalizator
		SccLocalPath25 = SupperAnalizator
		SccProjectUniqueName26 = Deserialize\\Deserialize.csproj
		SccProjectName26 = Deserialize
		SccLocalPath26 = Deserialize
		SccProjectUniqueName27 = DirectoriesDataRecovering\\DirectoriesDataRecovering.csproj
		SccProjectTopLevelParentUniqueName27 = Agent.sln
		SccProjectName27 = DirectoriesDataRecovering
		SccLocalPath27 = DirectoriesDataRecovering
		SccProjectUniqueName28 = DataBaseMigration\\DataBaseMigration.csproj
		SccProjectTopLevelParentUniqueName28 = Agent.sln
		SccProjectName28 = DataBaseMigration
		SccLocalPath28 = DataBaseMigration
		SccProjectUniqueName29 = Diascan.Agent.DataAccess\\Diascan.Agent.DataBaseAgentAccess.csproj
		SccProjectName29 = Diascan.Agent.DataAccess
		SccLocalPath29 = Diascan.Agent.DataAccess
	EndGlobalSection
EndGlobal
